# This file is generated by running "yarn install" inside your project.
# Manual changes might be lost - proceed with caution!

__metadata:
  version: 9
  cacheKey: 10c0

"@babel/helper-string-parser@npm:^7.27.1":
  version: 7.27.1
  resolution: "@babel/helper-string-parser@npm:7.27.1"
  checksum: 10c0/8bda3448e07b5583727c103560bcf9c4c24b3c1051a4c516d4050ef69df37bb9a4734a585fe12725b8c2763de0a265aa1e909b485a4e3270b7cfd3e4dbe4b602
  languageName: node
  linkType: hard

"@babel/helper-validator-identifier@npm:^7.28.5":
  version: 7.28.5
  resolution: "@babel/helper-validator-identifier@npm:7.28.5"
  checksum: 10c0/42aaebed91f739a41f3d80b72752d1f95fd7c72394e8e4bd7cdd88817e0774d80a432451bcba17c2c642c257c483bf1d409dd4548883429ea9493a3bc4ab0847
  languageName: node
  linkType: hard

"@babel/parser@npm:^7.29.2":
  version: 7.29.2
  resolution: "@babel/parser@npm:7.29.2"
  dependencies:
    "@babel/types": "npm:^7.29.0"
  bin:
    parser: ./bin/babel-parser.js
  checksum: 10c0/e5a4e69e3ac7acdde995f37cf299a68458cfe7009dff66bd0962fd04920bef287201169006af365af479c08ff216bfefbb595e331f87f6ae7283858aebbc3317
  languageName: node
  linkType: hard

"@babel/types@npm:^7.29.0":
  version: 7.29.0
  resolution: "@babel/types@npm:7.29.0"
  dependencies:
    "@babel/helper-string-parser": "npm:^7.27.1"
    "@babel/helper-validator-identifier": "npm:^7.28.5"
  checksum: 10c0/23cc3466e83bcbfab8b9bd0edaafdb5d4efdb88b82b3be6728bbade5ba2f0996f84f63b1c5f7a8c0d67efded28300898a5f930b171bb40b311bca2029c4e9b4f
  languageName: node
  linkType: hard

"@esbuild/aix-ppc64@npm:0.27.7":
  version: 0.27.7
  resolution: "@esbuild/aix-ppc64@npm:0.27.7"
  conditions: os=aix & cpu=ppc64
  languageName: node
  linkType: hard

"@esbuild/android-arm64@npm:0.27.7":
  version: 0.27.7
  resolution: "@esbuild/android-arm64@npm:0.27.7"
  conditions: os=android & cpu=arm64
  languageName: node
  linkType: hard

"@esbuild/android-arm@npm:0.27.7":
  version: 0.27.7
  resolution: "@esbuild/android-arm@npm:0.27.7"
  conditions: os=android & cpu=arm
  languageName: node
  linkType: hard

"@esbuild/android-x64@npm:0.27.7":
  version: 0.27.7
  resolution: "@esbuild/android-x64@npm:0.27.7"
  conditions: os=android & cpu=x64
  languageName: node
  linkType: hard

"@esbuild/darwin-arm64@npm:0.27.7":
  version: 0.27.7
  resolution: "@esbuild/darwin-arm64@npm:0.27.7"
  conditions: os=darwin & cpu=arm64
  languageName: node
  linkType: hard

"@esbuild/darwin-x64@npm:0.27.7":
  version: 0.27.7
  resolution: "@esbuild/darwin-x64@npm:0.27.7"
  conditions: os=darwin & cpu=x64
  languageName: node
  linkType: hard

"@esbuild/freebsd-arm64@npm:0.27.7":
  version: 0.27.7
  resolution: "@esbuild/freebsd-arm64@npm:0.27.7"
  conditions: os=freebsd & cpu=arm64
  languageName: node
  linkType: hard

"@esbuild/freebsd-x64@npm:0.27.7":
  version: 0.27.7
  resolution: "@esbuild/freebsd-x64@npm:0.27.7"
  conditions: os=freebsd & cpu=x64
  languageName: node
  linkType: hard

"@esbuild/linux-arm64@npm:0.27.7":
  version: 0.27.7
  resolution: "@esbuild/linux-arm64@npm:0.27.7"
  conditions: os=linux & cpu=arm64
  languageName: node
  linkType: hard

"@esbuild/linux-arm@npm:0.27.7":
  version: 0.27.7
  resolution: "@esbuild/linux-arm@npm:0.27.7"
  conditions: os=linux & cpu=arm
  languageName: node
  linkType: hard

"@esbuild/linux-ia32@npm:0.27.7":
  version: 0.27.7
  resolution: "@esbuild/linux-ia32@npm:0.27.7"
  conditions: os=linux & cpu=ia32
  languageName: node
  linkType: hard

"@esbuild/linux-loong64@npm:0.27.7":
  version: 0.27.7
  resolution: "@esbuild/linux-loong64@npm:0.27.7"
  conditions: os=linux & cpu=loong64
  languageName: node
  linkType: hard

"@esbuild/linux-mips64el@npm:0.27.7":
  version: 0.27.7
  resolution: "@esbuild/linux-mips64el@npm:0.27.7"
  conditions: os=linux & cpu=mips64el
  languageName: node
  linkType: hard

"@esbuild/linux-ppc64@npm:0.27.7":
  version: 0.27.7
  resolution: "@esbuild/linux-ppc64@npm:0.27.7"
  conditions: os=linux & cpu=ppc64
  languageName: node
  linkType: hard

"@esbuild/linux-riscv64@npm:0.27.7":
  version: 0.27.7
  resolution: "@esbuild/linux-riscv64@npm:0.27.7"
  conditions: os=linux & cpu=riscv64
  languageName: node
  linkType: hard

"@esbuild/linux-s390x@npm:0.27.7":
  version: 0.27.7
  resolution: "@esbuild/linux-s390x@npm:0.27.7"
  conditions: os=linux & cpu=s390x
  languageName: node
  linkType: hard

"@esbuild/linux-x64@npm:0.27.7":
  version: 0.27.7
  resolution: "@esbuild/linux-x64@npm:0.27.7"
  conditions: os=linux & cpu=x64
  languageName: node
  linkType: hard

"@esbuild/netbsd-arm64@npm:0.27.7":
  version: 0.27.7
  resolution: "@esbuild/netbsd-arm64@npm:0.27.7"
  conditions: os=netbsd & cpu=arm64
  languageName: node
  linkType: hard

"@esbuild/netbsd-x64@npm:0.27.7":
  version: 0.27.7
  resolution: "@esbuild/netbsd-x64@npm:0.27.7"
  conditions: os=netbsd & cpu=x64
  languageName: node
  linkType: hard

"@esbuild/openbsd-arm64@npm:0.27.7":
  version: 0.27.7
  resolution: "@esbuild/openbsd-arm64@npm:0.27.7"
  conditions: os=openbsd & cpu=arm64
  languageName: node
  linkType: hard

"@esbuild/openbsd-x64@npm:0.27.7":
  version: 0.27.7
  resolution: "@esbuild/openbsd-x64@npm:0.27.7"
  conditions: os=openbsd & cpu=x64
  languageName: node
  linkType: hard

"@esbuild/openharmony-arm64@npm:0.27.7":
  version: 0.27.7
  resolution: "@esbuild/openharmony-arm64@npm:0.27.7"
  conditions: os=openharmony & cpu=arm64
  languageName: node
  linkType: hard

"@esbuild/sunos-x64@npm:0.27.7":
  version: 0.27.7
  resolution: "@esbuild/sunos-x64@npm:0.27.7"
  conditions: os=sunos & cpu=x64
  languageName: node
  linkType: hard

"@esbuild/win32-arm64@npm:0.27.7":
  version: 0.27.7
  resolution: "@esbuild/win32-arm64@npm:0.27.7"
  conditions: os=win32 & cpu=arm64
  languageName: node
  linkType: hard

"@esbuild/win32-ia32@npm:0.27.7":
  version: 0.27.7
  resolution: "@esbuild/win32-ia32@npm:0.27.7"
  conditions: os=win32 & cpu=ia32
  languageName: node
  linkType: hard

"@esbuild/win32-x64@npm:0.27.7":
  version: 0.27.7
  resolution: "@esbuild/win32-x64@npm:0.27.7"
  conditions: os=win32 & cpu=x64
  languageName: node
  linkType: hard

"@isaacs/fs-minipass@npm:^4.0.0":
  version: 4.0.1
  resolution: "@isaacs/fs-minipass@npm:4.0.1"
  dependencies:
    minipass: "npm:^7.0.4"
  checksum: 10c0/c25b6dc1598790d5b55c0947a9b7d111cfa92594db5296c3b907e2f533c033666f692a3939eadac17b1c7c40d362d0b0635dc874cbfe3e70db7c2b07cc97a5d2
  languageName: node
  linkType: hard

"@jridgewell/sourcemap-codec@npm:^1.5.5":
  version: 1.5.5
  resolution: "@jridgewell/sourcemap-codec@npm:1.5.5"
  checksum: 10c0/f9e538f302b63c0ebc06eecb1dd9918dd4289ed36147a0ddce35d6ea4d7ebbda243cda7b2213b6a5e1d8087a298d5cf630fb2bd39329cdecb82017023f6081a0
  languageName: node
  linkType: hard

"@rollup/rollup-android-arm-eabi@npm:4.60.2":
  version: 4.60.2
  resolution: "@rollup/rollup-android-arm-eabi@npm:4.60.2"
  conditions: os=android & cpu=arm
  languageName: node
  linkType: hard

"@rollup/rollup-android-arm64@npm:4.60.2":
  version: 4.60.2
  resolution: "@rollup/rollup-android-arm64@npm:4.60.2"
  conditions: os=android & cpu=arm64
  languageName: node
  linkType: hard

"@rollup/rollup-darwin-arm64@npm:4.60.2":
  version: 4.60.2
  resolution: "@rollup/rollup-darwin-arm64@npm:4.60.2"
  conditions: os=darwin & cpu=arm64
  languageName: node
  linkType: hard

"@rollup/rollup-darwin-x64@npm:4.60.2":
  version: 4.60.2
  resolution: "@rollup/rollup-darwin-x64@npm:4.60.2"
  conditions: os=darwin & cpu=x64
  languageName: node
  linkType: hard

"@rollup/rollup-freebsd-arm64@npm:4.60.2":
  version: 4.60.2
  resolution: "@rollup/rollup-freebsd-arm64@npm:4.60.2"
  conditions: os=freebsd & cpu=arm64
  languageName: node
  linkType: hard

"@rollup/rollup-freebsd-x64@npm:4.60.2":
  version: 4.60.2
  resolution: "@rollup/rollup-freebsd-x64@npm:4.60.2"
  conditions: os=freebsd & cpu=x64
  languageName: node
  linkType: hard

"@rollup/rollup-linux-arm-gnueabihf@npm:4.60.2":
  version: 4.60.2
  resolution: "@rollup/rollup-linux-arm-gnueabihf@npm:4.60.2"
  conditions: os=linux & cpu=arm & libc=glibc
  languageName: node
  linkType: hard

"@rollup/rollup-linux-arm-musleabihf@npm:4.60.2":
  version: 4.60.2
  resolution: "@rollup/rollup-linux-arm-musleabihf@npm:4.60.2"
  conditions: os=linux & cpu=arm & libc=musl
  languageName: node
  linkType: hard

"@rollup/rollup-linux-arm64-gnu@npm:4.60.2":
  version: 4.60.2
  resolution: "@rollup/rollup-linux-arm64-gnu@npm:4.60.2"
  conditions: os=linux & cpu=arm64 & libc=glibc
  languageName: node
  linkType: hard

"@rollup/rollup-linux-arm64-musl@npm:4.60.2":
  version: 4.60.2
  resolution: "@rollup/rollup-linux-arm64-musl@npm:4.60.2"
  conditions: os=linux & cpu=arm64 & libc=musl
  languageName: node
  linkType: hard

"@rollup/rollup-linux-loong64-gnu@npm:4.60.2":
  version: 4.60.2
  resolution: "@rollup/rollup-linux-loong64-gnu@npm:4.60.2"
  conditions: os=linux & cpu=loong64 & libc=glibc
  languageName: node
  linkType: hard

"@rollup/rollup-linux-loong64-musl@npm:4.60.2":
  version: 4.60.2
  resolution: "@rollup/rollup-linux-loong64-musl@npm:4.60.2"
  conditions: os=linux & cpu=loong64 & libc=musl
  languageName: node
  linkType: hard

"@rollup/rollup-linux-ppc64-gnu@npm:4.60.2":
  version: 4.60.2
  resolution: "@rollup/rollup-linux-ppc64-gnu@npm:4.60.2"
  conditions: os=linux & cpu=ppc64 & libc=glibc
  languageName: node
  linkType: hard

"@rollup/rollup-linux-ppc64-musl@npm:4.60.2":
  version: 4.60.2
  resolution: "@rollup/rollup-linux-ppc64-musl@npm:4.60.2"
  conditions: os=linux & cpu=ppc64 & libc=musl
  languageName: node
  linkType: hard

"@rollup/rollup-linux-riscv64-gnu@npm:4.60.2":
  version: 4.60.2
  resolution: "@rollup/rollup-linux-riscv64-gnu@npm:4.60.2"
  conditions: os=linux & cpu=riscv64 & libc=glibc
  languageName: node
  linkType: hard

"@rollup/rollup-linux-riscv64-musl@npm:4.60.2":
  version: 4.60.2
  resolution: "@rollup/rollup-linux-riscv64-musl@npm:4.60.2"
  conditions: os=linux & cpu=riscv64 & libc=musl
  languageName: node
  linkType: hard

"@rollup/rollup-linux-s390x-gnu@npm:4.60.2":
  version: 4.60.2
  resolution: "@rollup/rollup-linux-s390x-gnu@npm:4.60.2"
  conditions: os=linux & cpu=s390x & libc=glibc
  languageName: node
  linkType: hard

"@rollup/rollup-linux-x64-gnu@npm:4.60.2":
  version: 4.60.2
  resolution: "@rollup/rollup-linux-x64-gnu@npm:4.60.2"
  conditions: os=linux & cpu=x64 & libc=glibc
  languageName: node
  linkType: hard

"@rollup/rollup-linux-x64-musl@npm:4.60.2":
  version: 4.60.2
  resolution: "@rollup/rollup-linux-x64-musl@npm:4.60.2"
  conditions: os=linux & cpu=x64 & libc=musl
  languageName: node
  linkType: hard

"@rollup/rollup-openbsd-x64@npm:4.60.2":
  version: 4.60.2
  resolution: "@rollup/rollup-openbsd-x64@npm:4.60.2"
  conditions: os=openbsd & cpu=x64
  languageName: node
  linkType: hard

"@rollup/rollup-openharmony-arm64@npm:4.60.2":
  version: 4.60.2
  resolution: "@rollup/rollup-openharmony-arm64@npm:4.60.2"
  conditions: os=openharmony & cpu=arm64
  languageName: node
  linkType: hard

"@rollup/rollup-win32-arm64-msvc@npm:4.60.2":
  version: 4.60.2
  resolution: "@rollup/rollup-win32-arm64-msvc@npm:4.60.2"
  conditions: os=win32 & cpu=arm64
  languageName: node
  linkType: hard

"@rollup/rollup-win32-ia32-msvc@npm:4.60.2":
  version: 4.60.2
  resolution: "@rollup/rollup-win32-ia32-msvc@npm:4.60.2"
  conditions: os=win32 & cpu=ia32
  languageName: node
  linkType: hard

"@rollup/rollup-win32-x64-gnu@npm:4.60.2":
  version: 4.60.2
  resolution: "@rollup/rollup-win32-x64-gnu@npm:4.60.2"
  conditions: os=win32 & cpu=x64
  languageName: node
  linkType: hard

"@rollup/rollup-win32-x64-msvc@npm:4.60.2":
  version: 4.60.2
  resolution: "@rollup/rollup-win32-x64-msvc@npm:4.60.2"
  conditions: os=win32 & cpu=x64
  languageName: node
  linkType: hard

"@types/estree@npm:1.0.8":
  version: 1.0.8
  resolution: "@types/estree@npm:1.0.8"
  checksum: 10c0/39d34d1afaa338ab9763f37ad6066e3f349444f9052b9676a7cc0252ef9485a41c6d81c9c4e0d26e9077993354edf25efc853f3224dd4b447175ef62bdcc86a5
  languageName: node
  linkType: hard

"@vitejs/plugin-vue@npm:5.x":
  version: 5.2.4
  resolution: "@vitejs/plugin-vue@npm:5.2.4"
  peerDependencies:
    vite: ^5.0.0 || ^6.0.0
    vue: ^3.2.25
  checksum: 10c0/9559224f178daf35e3a665410d09089b0ce7c0402981f8757481c24c22f29df377f96cc6161d92f74d16c37c6e32ac19fea99086f75338ad6ceb9b5ee8375509
  languageName: node
  linkType: hard

"@vue/compiler-core@npm:3.5.33":
  version: 3.5.33
  resolution: "@vue/compiler-core@npm:3.5.33"
  dependencies:
    "@babel/parser": "npm:^7.29.2"
    "@vue/shared": "npm:3.5.33"
    entities: "npm:^7.0.1"
    estree-walker: "npm:^2.0.2"
    source-map-js: "npm:^1.2.1"
  checksum: 10c0/4a7a7c17b8849901a539c7ca1b5a57d8dfe1a3e3886460ec0e7da7f2a9aa894d917bf4d303b8b9b31287a99359f3e26ce8c2734b5799f647b39f1bf0c5683a13
  languageName: node
  linkType: hard

"@vue/compiler-dom@npm:3.5.33":
  version: 3.5.33
  resolution: "@vue/compiler-dom@npm:3.5.33"
  dependencies:
    "@vue/compiler-core": "npm:3.5.33"
    "@vue/shared": "npm:3.5.33"
  checksum: 10c0/ea0114f75e7d1db9e650952cb1227b67b4a11f78b41bb197767fc09cbcc54c9375bd0737f6ba659ab74281a2b233f01fb307ce5138a62373a46c424fa1bc22d5
  languageName: node
  linkType: hard

"@vue/compiler-sfc@npm:3.5.33":
  version: 3.5.33
  resolution: "@vue/compiler-sfc@npm:3.5.33"
  dependencies:
    "@babel/parser": "npm:^7.29.2"
    "@vue/compiler-core": "npm:3.5.33"
    "@vue/compiler-dom": "npm:3.5.33"
    "@vue/compiler-ssr": "npm:3.5.33"
    "@vue/shared": "npm:3.5.33"
    estree-walker: "npm:^2.0.2"
    magic-string: "npm:^0.30.21"
    postcss: "npm:^8.5.10"
    source-map-js: "npm:^1.2.1"
  checksum: 10c0/1c5e649b591eb8466eecda43369bc21a12d4cc763c994a5f3370e532c8abb70bbdfedec3c444ebf6373b10d278d5c01972406bc28372ba42a184e1a6a97f9910
  languageName: node
  linkType: hard

"@vue/compiler-ssr@npm:3.5.33":
  version: 3.5.33
  resolution: "@vue/compiler-ssr@npm:3.5.33"
  dependencies:
    "@vue/compiler-dom": "npm:3.5.33"
    "@vue/shared": "npm:3.5.33"
  checksum: 10c0/9a812813d51765777229a43b8e40166cdfd0f0e4e3af6d2dc8fdd7481ce4e1635cb450d407d4f709d707c8efb962053a454abc532222933116651eb3f5c2878e
  languageName: node
  linkType: hard

"@vue/devtools-api@npm:^6.6.4":
  version: 6.6.4
  resolution: "@vue/devtools-api@npm:6.6.4"
  checksum: 10c0/0a993ae23618166e1bee5a7c14cebd8312752b93c143cbdd48fb2d0f7ade070d0e6baf757cd920d4681fef8f9acf29515162160f38cc7410f9a684d2df21b6de
  languageName: node
  linkType: hard

"@vue/reactivity@npm:3.5.33":
  version: 3.5.33
  resolution: "@vue/reactivity@npm:3.5.33"
  dependencies:
    "@vue/shared": "npm:3.5.33"
  checksum: 10c0/6e129d3161126e43eb76d6bf116d4a6754a068b772c3c3f193aa0a07766713b0a44a4073ca6dabdf1b8d8dd42e29a1158394b2198c6daf4f5f77786f1bd213dd
  languageName: node
  linkType: hard

"@vue/runtime-core@npm:3.5.33":
  version: 3.5.33
  resolution: "@vue/runtime-core@npm:3.5.33"
  dependencies:
    "@vue/reactivity": "npm:3.5.33"
    "@vue/shared": "npm:3.5.33"
  checksum: 10c0/9e9b72a4d0d4bc198c9cd1ecbad3f690b948c2306b20ce6553e760c6e3ac1e29db3aa85cff991b618567b4733312199e799f776f555d4bbda37aa37850c4101f
  languageName: node
  linkType: hard

"@vue/runtime-dom@npm:3.5.33":
  version: 3.5.33
  resolution: "@vue/runtime-dom@npm:3.5.33"
  dependencies:
    "@vue/reactivity": "npm:3.5.33"
    "@vue/runtime-core": "npm:3.5.33"
    "@vue/shared": "npm:3.5.33"
    csstype: "npm:^3.2.3"
  checksum: 10c0/4bb66f43f19911df5b1dcae445254271ee6172b72a6e352c231ab7cf6fe90b18af795edc0faaaf7661effc8903eb0445f756e0854808ede710f087d8c92cdaf4
  languageName: node
  linkType: hard

"@vue/server-renderer@npm:3.5.33":
  version: 3.5.33
  resolution: "@vue/server-renderer@npm:3.5.33"
  dependencies:
    "@vue/compiler-ssr": "npm:3.5.33"
    "@vue/shared": "npm:3.5.33"
  peerDependencies:
    vue: 3.5.33
  checksum: 10c0/c666f09f429878a67e4b7617979cb9430ba002027806b3a2ed2143d7032d5d073eb1ba7d885060f4b13c2902074b2d3bfc9f31f641e8d8adf60350fec36cb2a3
  languageName: node
  linkType: hard

"@vue/shared@npm:3.5.33":
  version: 3.5.33
  resolution: "@vue/shared@npm:3.5.33"
  checksum: 10c0/c96ec56cf1ff246907ed734f7e61f81e96fccec9944d77ae79421d9d1548ea5be63694e951968b527bdd1dd2c6ab98a05229ee9ae252893051f4802c95c1d3f2
  languageName: node
  linkType: hard

"abbrev@npm:^4.0.0":
  version: 4.0.0
  resolution: "abbrev@npm:4.0.0"
  checksum: 10c0/b4cc16935235e80702fc90192e349e32f8ef0ed151ef506aa78c81a7c455ec18375c4125414b99f84b2e055199d66383e787675f0bcd87da7a4dbd59f9eac1d5
  languageName: node
  linkType: hard

"chownr@npm:^3.0.0":
  version: 3.0.0
  resolution: "chownr@npm:3.0.0"
  checksum: 10c0/43925b87700f7e3893296c8e9c56cc58f926411cce3a6e5898136daaf08f08b9a8eb76d37d3267e707d0dcc17aed2e2ebdf5848c0c3ce95cf910a919935c1b10
  languageName: node
  linkType: hard

"csstype@npm:^3.2.3":
  version: 3.2.3
  resolution: "csstype@npm:3.2.3"
  checksum: 10c0/cd29c51e70fa822f1cecd8641a1445bed7063697469d35633b516e60fe8c1bde04b08f6c5b6022136bb669b64c63d4173af54864510fbb4ee23281801841a3ce
  languageName: node
  linkType: hard

"entities@npm:^7.0.1":
  version: 7.0.1
  resolution: "entities@npm:7.0.1"
  checksum: 10c0/b4fb9937bb47ecb00aaaceb9db9cdd1cc0b0fb649c0e843d05cf5dbbd2e9d2df8f98721d8b1b286445689c72af7b54a7242fc2d63ef7c9739037a8c73363e7ca
  languageName: node
  linkType: hard

"env-paths@npm:^2.2.0":
  version: 2.2.1
  resolution: "env-paths@npm:2.2.1"
  checksum: 10c0/285325677bf00e30845e330eec32894f5105529db97496ee3f598478e50f008c5352a41a30e5e72ec9de8a542b5a570b85699cd63bd2bc646dbcb9f311d83bc4
  languageName: node
  linkType: hard

"esbuild@npm:^0.27.0":
  version: 0.27.7
  resolution: "esbuild@npm:0.27.7"
  dependencies:
    "@esbuild/aix-ppc64": "npm:0.27.7"
    "@esbuild/android-arm": "npm:0.27.7"
    "@esbuild/android-arm64": "npm:0.27.7"
    "@esbuild/android-x64": "npm:0.27.7"
    "@esbuild/darwin-arm64": "npm:0.27.7"
    "@esbuild/darwin-x64": "npm:0.27.7"
    "@esbuild/freebsd-arm64": "npm:0.27.7"
    "@esbuild/freebsd-x64": "npm:0.27.7"
    "@esbuild/linux-arm": "npm:0.27.7"
    "@esbuild/linux-arm64": "npm:0.27.7"
    "@esbuild/linux-ia32": "npm:0.27.7"
    "@esbuild/linux-loong64": "npm:0.27.7"
    "@esbuild/linux-mips64el": "npm:0.27.7"
    "@esbuild/linux-ppc64": "npm:0.27.7"
    "@esbuild/linux-riscv64": "npm:0.27.7"
    "@esbuild/linux-s390x": "npm:0.27.7"
    "@esbuild/linux-x64": "npm:0.27.7"
    "@esbuild/netbsd-arm64": "npm:0.27.7"
    "@esbuild/netbsd-x64": "npm:0.27.7"
    "@esbuild/openbsd-arm64": "npm:0.27.7"
    "@esbuild/openbsd-x64": "npm:0.27.7"
    "@esbuild/openharmony-arm64": "npm:0.27.7"
    "@esbuild/sunos-x64": "npm:0.27.7"
    "@esbuild/win32-arm64": "npm:0.27.7"
    "@esbuild/win32-ia32": "npm:0.27.7"
    "@esbuild/win32-x64": "npm:0.27.7"
  dependenciesMeta:
    "@esbuild/aix-ppc64":
      optional: true
    "@esbuild/android-arm":
      optional: true
    "@esbuild/android-arm64":
      optional: true
    "@esbuild/android-x64":
      optional: true
    "@esbuild/darwin-arm64":
      optional: true
    "@esbuild/darwin-x64":
      optional: true
    "@esbuild/freebsd-arm64":
      optional: true
    "@esbuild/freebsd-x64":
      optional: true
    "@esbuild/linux-arm":
      optional: true
    "@esbuild/linux-arm64":
      optional: true
    "@esbuild/linux-ia32":
      optional: true
    "@esbuild/linux-loong64":
      optional: true
    "@esbuild/linux-mips64el":
      optional: true
    "@esbuild/linux-ppc64":
      optional: true
    "@esbuild/linux-riscv64":
      optional: true
    "@esbuild/linux-s390x":
      optional: true
    "@esbuild/linux-x64":
      optional: true
    "@esbuild/netbsd-arm64":
      optional: true
    "@esbuild/netbsd-x64":
      optional: true
    "@esbuild/openbsd-arm64":
      optional: true
    "@esbuild/openbsd-x64":
      optional: true
    "@esbuild/openharmony-arm64":
      optional: true
    "@esbuild/sunos-x64":
      optional: true
    "@esbuild/win32-arm64":
      optional: true
    "@esbuild/win32-ia32":
      optional: true
    "@esbuild/win32-x64":
      optional: true
  bin:
    esbuild: bin/esbuild
  checksum: 10c0/ccd51f0555708bc9ff4ec9dc3ac92d3daacd45ecaac949ca8645984c5c323bf8cefe98c2df307418685e0b4ce37f9a3bdbfe8e3651fe632a0059a436195a17d4
  languageName: node
  linkType: hard

"estree-walker@npm:^2.0.2":
  version: 2.0.2
  resolution: "estree-walker@npm:2.0.2"
  checksum: 10c0/53a6c54e2019b8c914dc395890153ffdc2322781acf4bd7d1a32d7aedc1710807bdcd866ac133903d5629ec601fbb50abe8c2e5553c7f5a0afdd9b6af6c945af
  languageName: node
  linkType: hard

"exponential-backoff@npm:^3.1.1":
  version: 3.1.3
  resolution: "exponential-backoff@npm:3.1.3"
  checksum: 10c0/77e3ae682b7b1f4972f563c6dbcd2b0d54ac679e62d5d32f3e5085feba20483cf28bd505543f520e287a56d4d55a28d7874299941faf637e779a1aa5994d1267
  languageName: node
  linkType: hard

"fdir@npm:^6.5.0":
  version: 6.5.0
  resolution: "fdir@npm:6.5.0"
  peerDependencies:
    picomatch: ^3 || ^4
  peerDependenciesMeta:
    picomatch:
      optional: true
  checksum: 10c0/e345083c4306b3aed6cb8ec551e26c36bab5c511e99ea4576a16750ddc8d3240e63826cc624f5ae17ad4dc82e68a253213b60d556c11bfad064b7607847ed07f
  languageName: node
  linkType: hard

"fsevents@npm:~2.3.2, fsevents@npm:~2.3.3":
  version: 2.3.3
  resolution: "fsevents@npm:2.3.3"
  dependencies:
    node-gyp: "npm:latest"
  checksum: 10c0/a1f0c44595123ed717febbc478aa952e47adfc28e2092be66b8ab1635147254ca6cfe1df792a8997f22716d4cbafc73309899ff7bfac2ac3ad8cf2e4ecc3ec60
  conditions: os=darwin
  languageName: node
  linkType: hard

"fsevents@patch:fsevents@npm%3A~2.3.2#optional!builtin<compat/fsevents>, fsevents@patch:fsevents@npm%3A~2.3.3#optional!builtin<compat/fsevents>":
  version: 2.3.3
  resolution: "fsevents@patch:fsevents@npm%3A2.3.3#optional!builtin<compat/fsevents>::version=2.3.3&hash=df0bf1"
  dependencies:
    node-gyp: "npm:latest"
  conditions: os=darwin
  languageName: node
  linkType: hard

"graceful-fs@npm:^4.2.6":
  version: 4.2.11
  resolution: "graceful-fs@npm:4.2.11"
  checksum: 10c0/386d011a553e02bc594ac2ca0bd6d9e4c22d7fa8cfbfc448a6d148c59ea881b092db9dbe3547ae4b88e55f1b01f7c4a2ecc53b310c042793e63aa44cf6c257f2
  languageName: node
  linkType: hard

"isexe@npm:^4.0.0":
  version: 4.0.0
  resolution: "isexe@npm:4.0.0"
  checksum: 10c0/5884815115bceac452877659a9c7726382531592f43dc29e5d48b7c4100661aed54018cb90bd36cb2eaeba521092570769167acbb95c18d39afdccbcca06c5ce
  languageName: node
  linkType: hard

"magic-string@npm:^0.30.21":
  version: 0.30.21
  resolution: "magic-string@npm:0.30.21"
  dependencies:
    "@jridgewell/sourcemap-codec": "npm:^1.5.5"
  checksum: 10c0/299378e38f9a270069fc62358522ddfb44e94244baa0d6a8980ab2a9b2490a1d03b236b447eee309e17eb3bddfa482c61259d47960eb018a904f0ded52780c4a
  languageName: node
  linkType: hard

"minipass@npm:^7.0.4, minipass@npm:^7.1.2":
  version: 7.1.3
  resolution: "minipass@npm:7.1.3"
  checksum: 10c0/539da88daca16533211ea5a9ee98dc62ff5742f531f54640dd34429e621955e91cc280a91a776026264b7f9f6735947629f920944e9c1558369e8bf22eb33fbb
  languageName: node
  linkType: hard

"minizlib@npm:^3.1.0":
  version: 3.1.0
  resolution: "minizlib@npm:3.1.0"
  dependencies:
    minipass: "npm:^7.1.2"
  checksum: 10c0/5aad75ab0090b8266069c9aabe582c021ae53eb33c6c691054a13a45db3b4f91a7fb1bd79151e6b4e9e9a86727b522527c0a06ec7d45206b745d54cd3097bcec
  languageName: node
  linkType: hard

"nanoid@npm:^3.3.11":
  version: 3.3.11
  resolution: "nanoid@npm:3.3.11"
  bin:
    nanoid: bin/nanoid.cjs
  checksum: 10c0/40e7f70b3d15f725ca072dfc4f74e81fcf1fbb02e491cf58ac0c79093adc9b0a73b152bcde57df4b79cd097e13023d7504acb38404a4da7bc1cd8e887b82fe0b
  languageName: node
  linkType: hard

"node-gyp@npm:latest":
  version: 12.3.0
  resolution: "node-gyp@npm:12.3.0"
  dependencies:
    env-paths: "npm:^2.2.0"
    exponential-backoff: "npm:^3.1.1"
    graceful-fs: "npm:^4.2.6"
    nopt: "npm:^9.0.0"
    proc-log: "npm:^6.0.0"
    semver: "npm:^7.3.5"
    tar: "npm:^7.5.4"
    tinyglobby: "npm:^0.2.12"
    undici: "npm:^6.25.0"
    which: "npm:^6.0.0"
  bin:
    node-gyp: bin/node-gyp.js
  checksum: 10c0/9d9032b405cbe42f72a105259d9eb679376470c102df4a2dbaa51e07d59bf741dcffb85897087ea9d8318b9cabb824a8978af51508ae142f0239ae1e6a3c2329
  languageName: node
  linkType: hard

"nopt@npm:^9.0.0":
  version: 9.0.0
  resolution: "nopt@npm:9.0.0"
  dependencies:
    abbrev: "npm:^4.0.0"
  bin:
    nopt: bin/nopt.js
  checksum: 10c0/1822eb6f9b020ef6f7a7516d7b64a8036e09666ea55ac40416c36e4b2b343122c3cff0e2f085675f53de1d2db99a2a89a60ccea1d120bcd6a5347bf6ceb4a7fd
  languageName: node
  linkType: hard

"picocolors@npm:^1.1.1":
  version: 1.1.1
  resolution: "picocolors@npm:1.1.1"
  checksum: 10c0/e2e3e8170ab9d7c7421969adaa7e1b31434f789afb9b3f115f6b96d91945041ac3ceb02e9ec6fe6510ff036bcc0bf91e69a1772edc0b707e12b19c0f2d6bcf58
  languageName: node
  linkType: hard

"picomatch@npm:^4.0.3, picomatch@npm:^4.0.4":
  version: 4.0.4
  resolution: "picomatch@npm:4.0.4"
  checksum: 10c0/e2c6023372cc7b5764719a5ffb9da0f8e781212fa7ca4bd0562db929df8e117460f00dff3cb7509dacfc06b86de924b247f504d0ce1806a37fac4633081466b0
  languageName: node
  linkType: hard

"postcss@npm:^8.5.10, postcss@npm:^8.5.6":
  version: 8.5.14
  resolution: "postcss@npm:8.5.14"
  dependencies:
    nanoid: "npm:^3.3.11"
    picocolors: "npm:^1.1.1"
    source-map-js: "npm:^1.2.1"
  checksum: 10c0/48138207cf5ef5581be1bfe2cb65ccfe0ac75e43888ba045afc8ed6043d7b56aeb3b9a9fe5b353ff554be943cd0cc15d826ccb991525159175971e5ee8ab0237
  languageName: node
  linkType: hard

"proc-log@npm:^6.0.0":
  version: 6.1.0
  resolution: "proc-log@npm:6.1.0"
  checksum: 10c0/4f178d4062733ead9d71a9b1ab24ebcecdfe2250916a5b1555f04fe2eda972a0ec76fbaa8df1ad9c02707add6749219d118a4fc46dc56bdfe4dde4b47d80bb82
  languageName: node
  linkType: hard

"rollup@npm:^4.43.0":
  version: 4.60.2
  resolution: "rollup@npm:4.60.2"
  dependencies:
    "@rollup/rollup-android-arm-eabi": "npm:4.60.2"
    "@rollup/rollup-android-arm64": "npm:4.60.2"
    "@rollup/rollup-darwin-arm64": "npm:4.60.2"
    "@rollup/rollup-darwin-x64": "npm:4.60.2"
    "@rollup/rollup-freebsd-arm64": "npm:4.60.2"
    "@rollup/rollup-freebsd-x64": "npm:4.60.2"
    "@rollup/rollup-linux-arm-gnueabihf": "npm:4.60.2"
    "@rollup/rollup-linux-arm-musleabihf": "npm:4.60.2"
    "@rollup/rollup-linux-arm64-gnu": "npm:4.60.2"
    "@rollup/rollup-linux-arm64-musl": "npm:4.60.2"
    "@rollup/rollup-linux-loong64-gnu": "npm:4.60.2"
    "@rollup/rollup-linux-loong64-musl": "npm:4.60.2"
    "@rollup/rollup-linux-ppc64-gnu": "npm:4.60.2"
    "@rollup/rollup-linux-ppc64-musl": "npm:4.60.2"
    "@rollup/rollup-linux-riscv64-gnu": "npm:4.60.2"
    "@rollup/rollup-linux-riscv64-musl": "npm:4.60.2"
    "@rollup/rollup-linux-s390x-gnu": "npm:4.60.2"
    "@rollup/rollup-linux-x64-gnu": "npm:4.60.2"
    "@rollup/rollup-linux-x64-musl": "npm:4.60.2"
    "@rollup/rollup-openbsd-x64": "npm:4.60.2"
    "@rollup/rollup-openharmony-arm64": "npm:4.60.2"
    "@rollup/rollup-win32-arm64-msvc": "npm:4.60.2"
    "@rollup/rollup-win32-ia32-msvc": "npm:4.60.2"
    "@rollup/rollup-win32-x64-gnu": "npm:4.60.2"
    "@rollup/rollup-win32-x64-msvc": "npm:4.60.2"
    "@types/estree": "npm:1.0.8"
    fsevents: "npm:~2.3.2"
  dependenciesMeta:
    "@rollup/rollup-android-arm-eabi":
      optional: true
    "@rollup/rollup-android-arm64":
      optional: true
    "@rollup/rollup-darwin-arm64":
      optional: true
    "@rollup/rollup-darwin-x64":
      optional: true
    "@rollup/rollup-freebsd-arm64":
      optional: true
    "@rollup/rollup-freebsd-x64":
      optional: true
    "@rollup/rollup-linux-arm-gnueabihf":
      optional: true
    "@rollup/rollup-linux-arm-musleabihf":
      optional: true
    "@rollup/rollup-linux-arm64-gnu":
      optional: true
    "@rollup/rollup-linux-arm64-musl":
      optional: true
    "@rollup/rollup-linux-loong64-gnu":
      optional: true
    "@rollup/rollup-linux-loong64-musl":
      optional: true
    "@rollup/rollup-linux-ppc64-gnu":
      optional: true
    "@rollup/rollup-linux-ppc64-musl":
      optional: true
    "@rollup/rollup-linux-riscv64-gnu":
      optional: true
    "@rollup/rollup-linux-riscv64-musl":
      optional: true
    "@rollup/rollup-linux-s390x-gnu":
      optional: true
    "@rollup/rollup-linux-x64-gnu":
      optional: true
    "@rollup/rollup-linux-x64-musl":
      optional: true
    "@rollup/rollup-openbsd-x64":
      optional: true
    "@rollup/rollup-openharmony-arm64":
      optional: true
    "@rollup/rollup-win32-arm64-msvc":
      optional: true
    "@rollup/rollup-win32-ia32-msvc":
      optional: true
    "@rollup/rollup-win32-x64-gnu":
      optional: true
    "@rollup/rollup-win32-x64-msvc":
      optional: true
    fsevents:
      optional: true
  bin:
    rollup: dist/bin/rollup
  checksum: 10c0/f67d6156fc5b895f33b929a4762392906d00fa5550f0a1f5e66519ab1c05d835aec5f201b4e748c29d1c87f024d3d9c4b0a2d1285668456db661d82b961d379c
  languageName: node
  linkType: hard

"semver@npm:^7.3.5":
  version: 7.7.4
  resolution: "semver@npm:7.7.4"
  bin:
    semver: bin/semver.js
  checksum: 10c0/5215ad0234e2845d4ea5bb9d836d42b03499546ddafb12075566899fc617f68794bb6f146076b6881d755de17d6c6cc73372555879ec7dce2c2feee947866ad2
  languageName: node
  linkType: hard

"source-map-js@npm:^1.2.1":
  version: 1.2.1
  resolution: "source-map-js@npm:1.2.1"
  checksum: 10c0/7bda1fc4c197e3c6ff17de1b8b2c20e60af81b63a52cb32ec5a5d67a20a7d42651e2cb34ebe93833c5a2a084377e17455854fee3e21e7925c64a51b6a52b0faf
  languageName: node
  linkType: hard

"tar@npm:^7.5.4":
  version: 7.5.13
  resolution: "tar@npm:7.5.13"
  dependencies:
    "@isaacs/fs-minipass": "npm:^4.0.0"
    chownr: "npm:^3.0.0"
    minipass: "npm:^7.1.2"
    minizlib: "npm:^3.1.0"
    yallist: "npm:^5.0.0"
  checksum: 10c0/5c65b8084799bde7a791593a1c1a45d3d6ee98182e3700b24c247b7b8f8654df4191642abbdb07ff25043d45dcff35620827c3997b88ae6c12040f64bed5076b
  languageName: node
  linkType: hard

"tinyglobby@npm:^0.2.12, tinyglobby@npm:^0.2.15":
  version: 0.2.16
  resolution: "tinyglobby@npm:0.2.16"
  dependencies:
    fdir: "npm:^6.5.0"
    picomatch: "npm:^4.0.4"
  checksum: 10c0/f2e09fd93dd95c41e522113b686ff6f7c13020962f8698a864a257f3d7737599afc47722b7ab726e12f8a813f779906187911ff8ee6701ede65072671a7e934b
  languageName: node
  linkType: hard

"typescript@npm:6.x":
  version: 6.0.3
  resolution: "typescript@npm:6.0.3"
  bin:
    tsc: bin/tsc
    tsserver: bin/tsserver
  checksum: 10c0/4a25ff5045b984370f48f196b3a0120779b1b343d40b9a68d114ea5e5fff099809b2bb777576991a63a5cd59cf7bffd96ff6fe10afcefbcb8bd6fb96ad4b6606
  languageName: node
  linkType: hard

"typescript@patch:typescript@npm%3A6.x#optional!builtin<compat/typescript>":
  version: 6.0.3
  resolution: "typescript@patch:typescript@npm%3A6.0.3#optional!builtin<compat/typescript>::version=6.0.3&hash=5786d5"
  bin:
    tsc: bin/tsc
    tsserver: bin/tsserver
  checksum: 10c0/2f25c74e65663c248fa1ade2b8459d9ce5372ff9dad07067310f132966ebec1d93f6c42f0baf77a6b6a7a91460463f708e6887013aaade22111037457c6b25df
  languageName: node
  linkType: hard

"undici@npm:^6.25.0":
  version: 6.25.0
  resolution: "undici@npm:6.25.0"
  checksum: 10c0/2597cc6689bdb02c210c557b1f85febbfda65becae6e6fc1061508e2f33734d25207f81cd8af56ada9956329eb3a7bd7431e87dcfeceba20ee87059b57dcf985
  languageName: node
  linkType: hard

"vite@npm:7.x":
  version: 7.3.2
  resolution: "vite@npm:7.3.2"
  dependencies:
    esbuild: "npm:^0.27.0"
    fdir: "npm:^6.5.0"
    fsevents: "npm:~2.3.3"
    picomatch: "npm:^4.0.3"
    postcss: "npm:^8.5.6"
    rollup: "npm:^4.43.0"
    tinyglobby: "npm:^0.2.15"
  peerDependencies:
    "@types/node": ^20.19.0 || >=22.12.0
    jiti: ">=1.21.0"
    less: ^4.0.0
    lightningcss: ^1.21.0
    sass: ^1.70.0
    sass-embedded: ^1.70.0
    stylus: ">=0.54.8"
    sugarss: ^5.0.0
    terser: ^5.16.0
    tsx: ^4.8.1
    yaml: ^2.4.2
  dependenciesMeta:
    fsevents:
      optional: true
  peerDependenciesMeta:
    "@types/node":
      optional: true
    jiti:
      optional: true
    less:
      optional: true
    lightningcss:
      optional: true
    sass:
      optional: true
    sass-embedded:
      optional: true
    stylus:
      optional: true
    sugarss:
      optional: true
    terser:
      optional: true
    tsx:
      optional: true
    yaml:
      optional: true
  bin:
    vite: bin/vite.js
  checksum: 10c0/74be36907e208916f18bfec81c8eba18b869f0a170f1ece0a4dcb14874d0f0e7c022fb6c2ad896e3ee6c973fe88f53ac23b4078879ada340d8b263260868b8d4
  languageName: node
  linkType: hard

"vue-router-app@workspace:.":
  version: 0.0.0-use.local
  resolution: "vue-router-app@workspace:."
  dependencies:
    "@vitejs/plugin-vue": "npm:5.x"
    typescript: "npm:6.x"
    vite: "npm:7.x"
    vue: "npm:3.5.33"
    vue-router: "npm:4.6.4"
  peerDependencies:
    "@datadog/browser-rum": "*"
    "@datadog/browser-rum-vue": "*"
  peerDependenciesMeta:
    "@datadog/browser-rum":
      optional: true
    "@datadog/browser-rum-vue":
      optional: true
  languageName: unknown
  linkType: soft

"vue-router@npm:4.6.4":
  version: 4.6.4
  resolution: "vue-router@npm:4.6.4"
  dependencies:
    "@vue/devtools-api": "npm:^6.6.4"
  peerDependencies:
    vue: ^3.5.0
  checksum: 10c0/9dcbe1124f1f444ae263ca37914829eea1ebff3feaa182559efee611dfd4436bbebe0ebffdcb60e37fecfb2fbdc691346df00996eeba708485e9ea9b8a7dd193
  languageName: node
  linkType: hard

"vue@npm:3.5.33":
  version: 3.5.33
  resolution: "vue@npm:3.5.33"
  dependencies:
    "@vue/compiler-dom": "npm:3.5.33"
    "@vue/compiler-sfc": "npm:3.5.33"
    "@vue/runtime-dom": "npm:3.5.33"
    "@vue/server-renderer": "npm:3.5.33"
    "@vue/shared": "npm:3.5.33"
  peerDependencies:
    typescript: "*"
  peerDependenciesMeta:
    typescript:
      optional: true
  checksum: 10c0/759dfdc39a54a5aa4ec6021601a8f929c4813f7ba43ea0c006dffa8caa9bd0ca462dd48605be4f4836cb08764bc435afc9ed99b7c84daba7079934f0d78f8d89
  languageName: node
  linkType: hard

"which@npm:^6.0.0":
  version: 6.0.1
  resolution: "which@npm:6.0.1"
  dependencies:
    isexe: "npm:^4.0.0"
  bin:
    node-which: bin/which.js
  checksum: 10c0/7e710e54ea36d2d6183bee2f9caa27a3b47b9baf8dee55a199b736fcf85eab3b9df7556fca3d02b50af7f3dfba5ea3a45644189836df06267df457e354da66d5
  languageName: node
  linkType: hard

"yallist@npm:^5.0.0":
  version: 5.0.0
  resolution: "yallist@npm:5.0.0"
  checksum: 10c0/a499c81ce6d4a1d260d4ea0f6d49ab4da09681e32c3f0472dee16667ed69d01dae63a3b81745a24bd78476ec4fcf856114cb4896ace738e01da34b2c42235416
  languageName: node
  linkType: hard
