# This file is generated by running "yarn install" inside your project.
# Manual changes might be lost - proceed with caution!

__metadata:
  version: 10
  cacheKey: 10c0

"@emnapi/core@npm:1.10.0":
  version: 1.10.0
  resolution: "@emnapi/core@npm:1.10.0"
  dependencies:
    "@emnapi/wasi-threads": "npm:1.2.1"
    tslib: "npm:^2.4.0"
  checksum: 10c0/f51d08227857b60632de7714d708124f0e100a1462dde6df8221760939aa3204a73193830371830fac0716f3ccd2129f2cac1b17cd7d7958bc4da9018a296edb
  languageName: node
  linkType: hard

"@emnapi/runtime@npm:1.10.0":
  version: 1.10.0
  resolution: "@emnapi/runtime@npm:1.10.0"
  dependencies:
    tslib: "npm:^2.4.0"
  checksum: 10c0/953f14991d1aefb92ee6f8eb27dea725e484791a53a0cb5f47d9e0087b9a2c929ff2e92adf95af15d6ad456db6300c6b761ebf72b50a875b874a83520b3ba093
  languageName: node
  linkType: hard

"@emnapi/wasi-threads@npm:1.2.1":
  version: 1.2.1
  resolution: "@emnapi/wasi-threads@npm:1.2.1"
  dependencies:
    tslib: "npm:^2.4.0"
  checksum: 10c0/32fcfa81ab396533b2ec1f4082b1ff779a05d9c836bbbd3f4398405b0e6814c0d9503b7993130e37bc6941dbc1ded49f55e9700ae9ca4e803bab2b5bc5deb331
  languageName: node
  linkType: hard

"@isaacs/fs-minipass@npm:^4.0.0":
  version: 4.0.1
  resolution: "@isaacs/fs-minipass@npm:4.0.1"
  dependencies:
    minipass: "npm:^7.0.4"
  checksum: 10c0/c25b6dc1598790d5b55c0947a9b7d111cfa92594db5296c3b907e2f533c033666f692a3939eadac17b1c7c40d362d0b0635dc874cbfe3e70db7c2b07cc97a5d2
  languageName: node
  linkType: hard

"@napi-rs/wasm-runtime@npm:^1.1.4":
  version: 1.1.5
  resolution: "@napi-rs/wasm-runtime@npm:1.1.5"
  dependencies:
    "@tybys/wasm-util": "npm:^0.10.2"
  peerDependencies:
    "@emnapi/core": ^1.7.1
    "@emnapi/runtime": ^1.7.1
  checksum: 10c0/727f2b6ae0e68bbe5d39aeb68aa6f183314e9f03dc50bb55a962849535b2db53ecc3fbf1554d8656a54488a608df5a2634670595cf5874dc4af2ee59f817c65d
  languageName: node
  linkType: hard

"@oxc-project/types@npm:=0.133.0":
  version: 0.133.0
  resolution: "@oxc-project/types@npm:0.133.0"
  checksum: 10c0/70c57ba58644f7ec217b670c301801f4d06995f4ccdba6b2bd106ea3e5ee49d616573e6ef8d55530b87571a960696543687f3850e87ad173d3f88965c30cdd63
  languageName: node
  linkType: hard

"@reduxjs/toolkit@npm:^1.9.0 || 2.x.x":
  version: 2.12.0
  resolution: "@reduxjs/toolkit@npm:2.12.0"
  dependencies:
    "@standard-schema/spec": "npm:^1.0.0"
    "@standard-schema/utils": "npm:^0.3.0"
    immer: "npm:^11.0.0"
    redux: "npm:^5.0.1"
    redux-thunk: "npm:^3.1.0"
    reselect: "npm:^5.1.0"
  peerDependencies:
    react: ^16.9.0 || ^17.0.0 || ^18 || ^19
    react-redux: ^7.2.1 || ^8.1.3 || ^9.0.0
  peerDependenciesMeta:
    react:
      optional: true
    react-redux:
      optional: true
  checksum: 10c0/2b85e31294a7139994fd78b08eb3ce706ce3b03b5081c13403b93ba4883a152d637171e4d9d969766238851f8915b1daa9f36b5a0a458aff0ff7600ee38795c9
  languageName: node
  linkType: hard

"@rolldown/binding-android-arm64@npm:1.0.3":
  version: 1.0.3
  resolution: "@rolldown/binding-android-arm64@npm:1.0.3"
  conditions: os=android & cpu=arm64
  languageName: node
  linkType: hard

"@rolldown/binding-darwin-arm64@npm:1.0.3":
  version: 1.0.3
  resolution: "@rolldown/binding-darwin-arm64@npm:1.0.3"
  conditions: os=darwin & cpu=arm64
  languageName: node
  linkType: hard

"@rolldown/binding-darwin-x64@npm:1.0.3":
  version: 1.0.3
  resolution: "@rolldown/binding-darwin-x64@npm:1.0.3"
  conditions: os=darwin & cpu=x64
  languageName: node
  linkType: hard

"@rolldown/binding-freebsd-x64@npm:1.0.3":
  version: 1.0.3
  resolution: "@rolldown/binding-freebsd-x64@npm:1.0.3"
  conditions: os=freebsd & cpu=x64
  languageName: node
  linkType: hard

"@rolldown/binding-linux-arm-gnueabihf@npm:1.0.3":
  version: 1.0.3
  resolution: "@rolldown/binding-linux-arm-gnueabihf@npm:1.0.3"
  conditions: os=linux & cpu=arm
  languageName: node
  linkType: hard

"@rolldown/binding-linux-arm64-gnu@npm:1.0.3":
  version: 1.0.3
  resolution: "@rolldown/binding-linux-arm64-gnu@npm:1.0.3"
  conditions: os=linux & cpu=arm64 & libc=glibc
  languageName: node
  linkType: hard

"@rolldown/binding-linux-arm64-musl@npm:1.0.3":
  version: 1.0.3
  resolution: "@rolldown/binding-linux-arm64-musl@npm:1.0.3"
  conditions: os=linux & cpu=arm64 & libc=musl
  languageName: node
  linkType: hard

"@rolldown/binding-linux-ppc64-gnu@npm:1.0.3":
  version: 1.0.3
  resolution: "@rolldown/binding-linux-ppc64-gnu@npm:1.0.3"
  conditions: os=linux & cpu=ppc64 & libc=glibc
  languageName: node
  linkType: hard

"@rolldown/binding-linux-s390x-gnu@npm:1.0.3":
  version: 1.0.3
  resolution: "@rolldown/binding-linux-s390x-gnu@npm:1.0.3"
  conditions: os=linux & cpu=s390x & libc=glibc
  languageName: node
  linkType: hard

"@rolldown/binding-linux-x64-gnu@npm:1.0.3":
  version: 1.0.3
  resolution: "@rolldown/binding-linux-x64-gnu@npm:1.0.3"
  conditions: os=linux & cpu=x64 & libc=glibc
  languageName: node
  linkType: hard

"@rolldown/binding-linux-x64-musl@npm:1.0.3":
  version: 1.0.3
  resolution: "@rolldown/binding-linux-x64-musl@npm:1.0.3"
  conditions: os=linux & cpu=x64 & libc=musl
  languageName: node
  linkType: hard

"@rolldown/binding-openharmony-arm64@npm:1.0.3":
  version: 1.0.3
  resolution: "@rolldown/binding-openharmony-arm64@npm:1.0.3"
  conditions: os=openharmony & cpu=arm64
  languageName: node
  linkType: hard

"@rolldown/binding-wasm32-wasi@npm:1.0.3":
  version: 1.0.3
  resolution: "@rolldown/binding-wasm32-wasi@npm:1.0.3"
  dependencies:
    "@emnapi/core": "npm:1.10.0"
    "@emnapi/runtime": "npm:1.10.0"
    "@napi-rs/wasm-runtime": "npm:^1.1.4"
  conditions: cpu=wasm32
  languageName: node
  linkType: hard

"@rolldown/binding-win32-arm64-msvc@npm:1.0.3":
  version: 1.0.3
  resolution: "@rolldown/binding-win32-arm64-msvc@npm:1.0.3"
  conditions: os=win32 & cpu=arm64
  languageName: node
  linkType: hard

"@rolldown/binding-win32-x64-msvc@npm:1.0.3":
  version: 1.0.3
  resolution: "@rolldown/binding-win32-x64-msvc@npm:1.0.3"
  conditions: os=win32 & cpu=x64
  languageName: node
  linkType: hard

"@rolldown/pluginutils@npm:^1.0.0":
  version: 1.0.1
  resolution: "@rolldown/pluginutils@npm:1.0.1"
  checksum: 10c0/99d9b06d90196823e4d8c841f258db7a16e5dbba5824a2962b05d907b79f1ba929d56f22dd744fd530936e568c865ee56a719dc31e57e13bc0a8eb4764a8d8dd
  languageName: node
  linkType: hard

"@standard-schema/spec@npm:^1.0.0":
  version: 1.1.0
  resolution: "@standard-schema/spec@npm:1.1.0"
  checksum: 10c0/d90f55acde4b2deb983529c87e8025fa693de1a5e8b49ecc6eb84d1fd96328add0e03d7d551442156c7432fd78165b2c26ff561b970a9a881f046abb78d6a526
  languageName: node
  linkType: hard

"@standard-schema/utils@npm:^0.3.0":
  version: 0.3.0
  resolution: "@standard-schema/utils@npm:0.3.0"
  checksum: 10c0/6eb74cd13e52d5fc74054df51e37d947ef53f3ab9e02c085665dcca3c38c60ece8d735cebbdf18fbb13c775fbcb9becb3f53109b0e092a63f0f7389ce0993fd0
  languageName: node
  linkType: hard

"@tybys/wasm-util@npm:^0.10.2":
  version: 0.10.2
  resolution: "@tybys/wasm-util@npm:0.10.2"
  dependencies:
    tslib: "npm:^2.4.0"
  checksum: 10c0/26165bcd1fd7269f42d7fbe3de318f854a8968de8397e89fc9a423bb3e2da35a52150f382e6323b3367595beb16d9800a6f35971a5599daf76da1742ec3afc25
  languageName: node
  linkType: hard

"@types/d3-array@npm:^3.0.3":
  version: 3.2.2
  resolution: "@types/d3-array@npm:3.2.2"
  checksum: 10c0/6137cb97302f8a4f18ca22c0560c585cfcb823f276b23d89f2c0c005d72697ec13bca671c08e68b4b0cabd622e3f0e91782ee221580d6774074050be96dd7028
  languageName: node
  linkType: hard

"@types/d3-color@npm:*":
  version: 3.1.3
  resolution: "@types/d3-color@npm:3.1.3"
  checksum: 10c0/65eb0487de606eb5ad81735a9a5b3142d30bc5ea801ed9b14b77cb14c9b909f718c059f13af341264ee189acf171508053342142bdf99338667cea26a2d8d6ae
  languageName: node
  linkType: hard

"@types/d3-ease@npm:^3.0.0":
  version: 3.0.2
  resolution: "@types/d3-ease@npm:3.0.2"
  checksum: 10c0/aff5a1e572a937ee9bff6465225d7ba27d5e0c976bd9eacdac2e6f10700a7cb0c9ea2597aff6b43a6ed850a3210030870238894a77ec73e309b4a9d0333f099c
  languageName: node
  linkType: hard

"@types/d3-interpolate@npm:^3.0.1":
  version: 3.0.4
  resolution: "@types/d3-interpolate@npm:3.0.4"
  dependencies:
    "@types/d3-color": "npm:*"
  checksum: 10c0/066ebb8da570b518dd332df6b12ae3b1eaa0a7f4f0c702e3c57f812cf529cc3500ec2aac8dc094f31897790346c6b1ebd8cd7a077176727f4860c2b181a65ca4
  languageName: node
  linkType: hard

"@types/d3-path@npm:*":
  version: 3.1.1
  resolution: "@types/d3-path@npm:3.1.1"
  checksum: 10c0/2c36eb31ebaf2ce4712e793fd88087117976f7c4ed69cc2431825f999c8c77cca5cea286f3326432b770739ac6ccd5d04d851eb65e7a4dbcc10c982b49ad2c02
  languageName: node
  linkType: hard

"@types/d3-scale@npm:^4.0.2":
  version: 4.0.9
  resolution: "@types/d3-scale@npm:4.0.9"
  dependencies:
    "@types/d3-time": "npm:*"
  checksum: 10c0/4ac44233c05cd50b65b33ecb35d99fdf07566bcdbc55bc1306b2f27d1c5134d8c560d356f2c8e76b096e9125ffb8d26d95f78d56e210d1c542cb255bdf31d6c8
  languageName: node
  linkType: hard

"@types/d3-shape@npm:^3.1.0":
  version: 3.1.8
  resolution: "@types/d3-shape@npm:3.1.8"
  dependencies:
    "@types/d3-path": "npm:*"
  checksum: 10c0/49ec2172b9eb66fc1d036e2a23966216bb972e9af51ddbed134df24bd71aedf207bb1ef81903a119eb4e1f5e927cf44beacaf64c9af86474e5548594b102b574
  languageName: node
  linkType: hard

"@types/d3-time@npm:*, @types/d3-time@npm:^3.0.0":
  version: 3.0.4
  resolution: "@types/d3-time@npm:3.0.4"
  checksum: 10c0/6d9e2255d63f7a313a543113920c612e957d70da4fb0890931da6c2459010291b8b1f95e149a538500c1c99e7e6c89ffcce5554dd29a31ff134a38ea94b6d174
  languageName: node
  linkType: hard

"@types/d3-timer@npm:^3.0.0":
  version: 3.0.2
  resolution: "@types/d3-timer@npm:3.0.2"
  checksum: 10c0/c644dd9571fcc62b1aa12c03bcad40571553020feeb5811f1d8a937ac1e65b8a04b759b4873aef610e28b8714ac71c9885a4d6c127a048d95118f7e5b506d9e1
  languageName: node
  linkType: hard

"@types/node@npm:26.0.0":
  version: 26.0.0
  resolution: "@types/node@npm:26.0.0"
  dependencies:
    undici-types: "npm:~8.3.0"
  checksum: 10c0/f36e21634fd8e8ded162ca486508bd8bb229d398a8d5541f6d8c1255968d4464e53327a77f403b216ef98e3b6f6956882eef83e4857d4bc2be9569dd55d37aae
  languageName: node
  linkType: hard

"@types/react-dom@npm:19.2.3":
  version: 19.2.3
  resolution: "@types/react-dom@npm:19.2.3"
  peerDependencies:
    "@types/react": ^19.2.0
  checksum: 10c0/b486ebe0f4e2fb35e2e108df1d8fc0927ca5d6002d5771e8a739de11239fe62d0e207c50886185253c99eb9dedfeeb956ea7429e5ba17f6693c7acb4c02f8cd1
  languageName: node
  linkType: hard

"@types/react@npm:19.2.17":
  version: 19.2.17
  resolution: "@types/react@npm:19.2.17"
  dependencies:
    csstype: "npm:^3.2.2"
  checksum: 10c0/bc2c4af96b3e480604424de70d5ebda90c5f4b485df471858c0bc2d7d70364b606ec3c4d8579f94f01aa0c6c0591f56bcf14cba5689f5eea4b74250ccdc3a232
  languageName: node
  linkType: hard

"@types/use-sync-external-store@npm:^0.0.6":
  version: 0.0.6
  resolution: "@types/use-sync-external-store@npm:0.0.6"
  checksum: 10c0/77c045a98f57488201f678b181cccd042279aff3da34540ad242f893acc52b358bd0a8207a321b8ac09adbcef36e3236944390e2df4fcedb556ce7bb2a88f2a8
  languageName: node
  linkType: hard

"@vitejs/plugin-react@npm:6.0.2":
  version: 6.0.2
  resolution: "@vitejs/plugin-react@npm:6.0.2"
  dependencies:
    "@rolldown/pluginutils": "npm:^1.0.0"
  peerDependencies:
    "@rolldown/plugin-babel": ^0.1.7 || ^0.2.0
    babel-plugin-react-compiler: ^1.0.0
    vite: ^8.0.0
  peerDependenciesMeta:
    "@rolldown/plugin-babel":
      optional: true
    babel-plugin-react-compiler:
      optional: true
  checksum: 10c0/6e2d90974e05f2a9aefafad1d137b75c3b3b4bf3f2affdbfe77c6b11b24832cff22dd8852430c6341e2fb5b00a4513fb00db306a6abdbec6f0f5841e93bbcfba
  languageName: node
  linkType: hard

"abbrev@npm:^4.0.0":
  version: 4.0.0
  resolution: "abbrev@npm:4.0.0"
  checksum: 10c0/b4cc16935235e80702fc90192e349e32f8ef0ed151ef506aa78c81a7c455ec18375c4125414b99f84b2e055199d66383e787675f0bcd87da7a4dbd59f9eac1d5
  languageName: node
  linkType: hard

"chownr@npm:^3.0.0":
  version: 3.0.0
  resolution: "chownr@npm:3.0.0"
  checksum: 10c0/43925b87700f7e3893296c8e9c56cc58f926411cce3a6e5898136daaf08f08b9a8eb76d37d3267e707d0dcc17aed2e2ebdf5848c0c3ce95cf910a919935c1b10
  languageName: node
  linkType: hard

"clsx@npm:^2.1.1":
  version: 2.1.1
  resolution: "clsx@npm:2.1.1"
  checksum: 10c0/c4c8eb865f8c82baab07e71bfa8897c73454881c4f99d6bc81585aecd7c441746c1399d08363dc096c550cceaf97bd4ce1e8854e1771e9998d9f94c4fe075839
  languageName: node
  linkType: hard

"cookie@npm:^1.0.1":
  version: 1.1.1
  resolution: "cookie@npm:1.1.1"
  checksum: 10c0/79c4ddc0fcad9c4f045f826f42edf54bcc921a29586a4558b0898277fa89fb47be95bc384c2253f493af7b29500c830da28341274527328f18eba9f58afa112c
  languageName: node
  linkType: hard

"csstype@npm:^3.2.2":
  version: 3.2.3
  resolution: "csstype@npm:3.2.3"
  checksum: 10c0/cd29c51e70fa822f1cecd8641a1445bed7063697469d35633b516e60fe8c1bde04b08f6c5b6022136bb669b64c63d4173af54864510fbb4ee23281801841a3ce
  languageName: node
  linkType: hard

"d3-array@npm:2 - 3, d3-array@npm:2.10.0 - 3, d3-array@npm:^3.1.6":
  version: 3.2.4
  resolution: "d3-array@npm:3.2.4"
  dependencies:
    internmap: "npm:1 - 2"
  checksum: 10c0/08b95e91130f98c1375db0e0af718f4371ccacef7d5d257727fe74f79a24383e79aba280b9ffae655483ffbbad4fd1dec4ade0119d88c4749f388641c8bf8c50
  languageName: node
  linkType: hard

"d3-color@npm:1 - 3":
  version: 3.1.0
  resolution: "d3-color@npm:3.1.0"
  checksum: 10c0/a4e20e1115fa696fce041fbe13fbc80dc4c19150fa72027a7c128ade980bc0eeeba4bcf28c9e21f0bce0e0dbfe7ca5869ef67746541dcfda053e4802ad19783c
  languageName: node
  linkType: hard

"d3-ease@npm:^3.0.1":
  version: 3.0.1
  resolution: "d3-ease@npm:3.0.1"
  checksum: 10c0/fec8ef826c0cc35cda3092c6841e07672868b1839fcaf556e19266a3a37e6bc7977d8298c0fcb9885e7799bfdcef7db1baaba9cd4dcf4bc5e952cf78574a88b0
  languageName: node
  linkType: hard

"d3-format@npm:1 - 3":
  version: 3.1.2
  resolution: "d3-format@npm:3.1.2"
  checksum: 10c0/0de452ae07585238e7f01607a7e0066665c34609652188b6ac7dc9f424f69465a425e07d16d79bd0e5955202ac7f241c66d0c76f68a79fc6f4857c94cf420652
  languageName: node
  linkType: hard

"d3-interpolate@npm:1.2.0 - 3, d3-interpolate@npm:^3.0.1":
  version: 3.0.1
  resolution: "d3-interpolate@npm:3.0.1"
  dependencies:
    d3-color: "npm:1 - 3"
  checksum: 10c0/19f4b4daa8d733906671afff7767c19488f51a43d251f8b7f484d5d3cfc36c663f0a66c38fe91eee30f40327443d799be17169f55a293a3ba949e84e57a33e6a
  languageName: node
  linkType: hard

"d3-path@npm:^3.1.0":
  version: 3.1.0
  resolution: "d3-path@npm:3.1.0"
  checksum: 10c0/dc1d58ec87fa8319bd240cf7689995111a124b141428354e9637aa83059eb12e681f77187e0ada5dedfce346f7e3d1f903467ceb41b379bfd01cd8e31721f5da
  languageName: node
  linkType: hard

"d3-scale@npm:^4.0.2":
  version: 4.0.2
  resolution: "d3-scale@npm:4.0.2"
  dependencies:
    d3-array: "npm:2.10.0 - 3"
    d3-format: "npm:1 - 3"
    d3-interpolate: "npm:1.2.0 - 3"
    d3-time: "npm:2.1.1 - 3"
    d3-time-format: "npm:2 - 4"
  checksum: 10c0/65d9ad8c2641aec30ed5673a7410feb187a224d6ca8d1a520d68a7d6eac9d04caedbff4713d1e8545be33eb7fec5739983a7ab1d22d4e5ad35368c6729d362f1
  languageName: node
  linkType: hard

"d3-shape@npm:^3.1.0":
  version: 3.2.0
  resolution: "d3-shape@npm:3.2.0"
  dependencies:
    d3-path: "npm:^3.1.0"
  checksum: 10c0/f1c9d1f09926daaf6f6193ae3b4c4b5521e81da7d8902d24b38694517c7f527ce3c9a77a9d3a5722ad1e3ff355860b014557b450023d66a944eabf8cfde37132
  languageName: node
  linkType: hard

"d3-time-format@npm:2 - 4":
  version: 4.1.0
  resolution: "d3-time-format@npm:4.1.0"
  dependencies:
    d3-time: "npm:1 - 3"
  checksum: 10c0/735e00fb25a7fd5d418fac350018713ae394eefddb0d745fab12bbff0517f9cdb5f807c7bbe87bb6eeb06249662f8ea84fec075f7d0cd68609735b2ceb29d206
  languageName: node
  linkType: hard

"d3-time@npm:1 - 3, d3-time@npm:2.1.1 - 3, d3-time@npm:^3.0.0":
  version: 3.1.0
  resolution: "d3-time@npm:3.1.0"
  dependencies:
    d3-array: "npm:2 - 3"
  checksum: 10c0/a984f77e1aaeaa182679b46fbf57eceb6ebdb5f67d7578d6f68ef933f8eeb63737c0949991618a8d29472dbf43736c7d7f17c452b2770f8c1271191cba724ca1
  languageName: node
  linkType: hard

"d3-timer@npm:^3.0.1":
  version: 3.0.1
  resolution: "d3-timer@npm:3.0.1"
  checksum: 10c0/d4c63cb4bb5461d7038aac561b097cd1c5673969b27cbdd0e87fa48d9300a538b9e6f39b4a7f0e3592ef4f963d858c8a9f0e92754db73116770856f2fc04561a
  languageName: node
  linkType: hard

"decimal.js-light@npm:^2.5.1":
  version: 2.5.1
  resolution: "decimal.js-light@npm:2.5.1"
  checksum: 10c0/4fd33f535aac9e5bd832796831b65d9ec7914ad129c7437b3ab991b0c2eaaa5a57e654e6174c4a17f1b3895ea366f0c1ab4955cdcdf7cfdcf3ad5a58b456c020
  languageName: node
  linkType: hard

"detect-libc@npm:^2.0.3":
  version: 2.1.2
  resolution: "detect-libc@npm:2.1.2"
  checksum: 10c0/acc675c29a5649fa1fb6e255f993b8ee829e510b6b56b0910666949c80c364738833417d0edb5f90e4e46be17228b0f2b66a010513984e18b15deeeac49369c4
  languageName: node
  linkType: hard

"env-paths@npm:^2.2.0":
  version: 2.2.1
  resolution: "env-paths@npm:2.2.1"
  checksum: 10c0/285325677bf00e30845e330eec32894f5105529db97496ee3f598478e50f008c5352a41a30e5e72ec9de8a542b5a570b85699cd63bd2bc646dbcb9f311d83bc4
  languageName: node
  linkType: hard

"es-toolkit@npm:^1.39.3":
  version: 1.47.0
  resolution: "es-toolkit@npm:1.47.0"
  dependenciesMeta:
    "@trivago/prettier-plugin-sort-imports@4.3.0":
      unplugged: true
    prettier-plugin-sort-re-exports@0.0.1:
      unplugged: true
    vitepress-plugin-sandpack@1.1.4:
      unplugged: true
  checksum: 10c0/6edc9709fccc409fa4adddd318971d8a18335de9225f2dc99021aacba44fe66a2437a831923589c643865caab261a087bd974338294a60bb5a74932caa102901
  languageName: node
  linkType: hard

"eventemitter3@npm:^5.0.1":
  version: 5.0.4
  resolution: "eventemitter3@npm:5.0.4"
  checksum: 10c0/575b8cac8d709e1473da46f8f15ef311b57ff7609445a7c71af5cd42598583eee6f098fa7a593e30f27e94b8865642baa0689e8fa97c016f742abdb3b1bf6d9a
  languageName: node
  linkType: hard

"exponential-backoff@npm:^3.1.1":
  version: 3.1.3
  resolution: "exponential-backoff@npm:3.1.3"
  checksum: 10c0/77e3ae682b7b1f4972f563c6dbcd2b0d54ac679e62d5d32f3e5085feba20483cf28bd505543f520e287a56d4d55a28d7874299941faf637e779a1aa5994d1267
  languageName: node
  linkType: hard

"fdir@npm:^6.5.0":
  version: 6.5.0
  resolution: "fdir@npm:6.5.0"
  peerDependencies:
    picomatch: ^3 || ^4
  peerDependenciesMeta:
    picomatch:
      optional: true
  checksum: 10c0/e345083c4306b3aed6cb8ec551e26c36bab5c511e99ea4576a16750ddc8d3240e63826cc624f5ae17ad4dc82e68a253213b60d556c11bfad064b7607847ed07f
  languageName: node
  linkType: hard

"fsevents@npm:~2.3.3":
  version: 2.3.3
  resolution: "fsevents@npm:2.3.3"
  dependencies:
    node-gyp: "npm:latest"
  checksum: 10c0/a1f0c44595123ed717febbc478aa952e47adfc28e2092be66b8ab1635147254ca6cfe1df792a8997f22716d4cbafc73309899ff7bfac2ac3ad8cf2e4ecc3ec60
  conditions: os=darwin
  languageName: node
  linkType: hard

"fsevents@patch:fsevents@npm%3A~2.3.3#optional!builtin<compat/fsevents>":
  version: 2.3.3
  resolution: "fsevents@patch:fsevents@npm%3A2.3.3#optional!builtin<compat/fsevents>::version=2.3.3&hash=df0bf1"
  dependencies:
    node-gyp: "npm:latest"
  conditions: os=darwin
  languageName: node
  linkType: hard

"globals@npm:17.7.0":
  version: 17.7.0
  resolution: "globals@npm:17.7.0"
  checksum: 10c0/e83f791acf537b85fa1632ac48a45432a1999a61acd9f955b5c2145f66d6b5000a7945029874b6184fa2dfac8d33af03885a5a7ffa457866f1bcf0b40d0c1291
  languageName: node
  linkType: hard

"graceful-fs@npm:^4.2.6":
  version: 4.2.11
  resolution: "graceful-fs@npm:4.2.11"
  checksum: 10c0/386d011a553e02bc594ac2ca0bd6d9e4c22d7fa8cfbfc448a6d148c59ea881b092db9dbe3547ae4b88e55f1b01f7c4a2ecc53b310c042793e63aa44cf6c257f2
  languageName: node
  linkType: hard

"heavy-spa@workspace:.":
  version: 0.0.0-use.local
  resolution: "heavy-spa@workspace:."
  dependencies:
    "@types/node": "npm:26.0.0"
    "@types/react": "npm:19.2.17"
    "@types/react-dom": "npm:19.2.3"
    "@vitejs/plugin-react": "npm:6.0.2"
    globals: "npm:17.7.0"
    react: "npm:19.2.7"
    react-dom: "npm:19.2.7"
    react-is: "npm:19.2.7"
    react-router-dom: "npm:7.18.0"
    react-window: "npm:2.2.7"
    recharts: "npm:3.8.1"
    typescript: "npm:6.0.3"
    vite: "npm:8.0.16"
  languageName: unknown
  linkType: soft

"immer@npm:^10.1.1":
  version: 10.2.0
  resolution: "immer@npm:10.2.0"
  checksum: 10c0/35e66b0585b2aec4e85ae7a993f049405f170799ba89d79205bc3fdae2c5bdaa2b1d35f62803d8beee42b7e85c7f7315a6e93b6a5a510c5a46f03dbe63619e87
  languageName: node
  linkType: hard

"immer@npm:^11.0.0":
  version: 11.1.8
  resolution: "immer@npm:11.1.8"
  checksum: 10c0/df971d8a8f6a5312c6dca4a8437e20b3185d6c9cd6830ad526c18ffd50f4037ef8db4f332b0adbcb9f8c5ee2fbe117cf0623e8554e24777105b3cc9faf866d34
  languageName: node
  linkType: hard

"internmap@npm:1 - 2":
  version: 2.0.3
  resolution: "internmap@npm:2.0.3"
  checksum: 10c0/8cedd57f07bbc22501516fbfc70447f0c6812871d471096fad9ea603516eacc2137b633633daf432c029712df0baefd793686388ddf5737e3ea15074b877f7ed
  languageName: node
  linkType: hard

"isexe@npm:^4.0.0":
  version: 4.0.0
  resolution: "isexe@npm:4.0.0"
  checksum: 10c0/5884815115bceac452877659a9c7726382531592f43dc29e5d48b7c4100661aed54018cb90bd36cb2eaeba521092570769167acbb95c18d39afdccbcca06c5ce
  languageName: node
  linkType: hard

"lightningcss-android-arm64@npm:1.32.0":
  version: 1.32.0
  resolution: "lightningcss-android-arm64@npm:1.32.0"
  conditions: os=android & cpu=arm64
  languageName: node
  linkType: hard

"lightningcss-darwin-arm64@npm:1.32.0":
  version: 1.32.0
  resolution: "lightningcss-darwin-arm64@npm:1.32.0"
  conditions: os=darwin & cpu=arm64
  languageName: node
  linkType: hard

"lightningcss-darwin-x64@npm:1.32.0":
  version: 1.32.0
  resolution: "lightningcss-darwin-x64@npm:1.32.0"
  conditions: os=darwin & cpu=x64
  languageName: node
  linkType: hard

"lightningcss-freebsd-x64@npm:1.32.0":
  version: 1.32.0
  resolution: "lightningcss-freebsd-x64@npm:1.32.0"
  conditions: os=freebsd & cpu=x64
  languageName: node
  linkType: hard

"lightningcss-linux-arm-gnueabihf@npm:1.32.0":
  version: 1.32.0
  resolution: "lightningcss-linux-arm-gnueabihf@npm:1.32.0"
  conditions: os=linux & cpu=arm
  languageName: node
  linkType: hard

"lightningcss-linux-arm64-gnu@npm:1.32.0":
  version: 1.32.0
  resolution: "lightningcss-linux-arm64-gnu@npm:1.32.0"
  conditions: os=linux & cpu=arm64 & libc=glibc
  languageName: node
  linkType: hard

"lightningcss-linux-arm64-musl@npm:1.32.0":
  version: 1.32.0
  resolution: "lightningcss-linux-arm64-musl@npm:1.32.0"
  conditions: os=linux & cpu=arm64 & libc=musl
  languageName: node
  linkType: hard

"lightningcss-linux-x64-gnu@npm:1.32.0":
  version: 1.32.0
  resolution: "lightningcss-linux-x64-gnu@npm:1.32.0"
  conditions: os=linux & cpu=x64 & libc=glibc
  languageName: node
  linkType: hard

"lightningcss-linux-x64-musl@npm:1.32.0":
  version: 1.32.0
  resolution: "lightningcss-linux-x64-musl@npm:1.32.0"
  conditions: os=linux & cpu=x64 & libc=musl
  languageName: node
  linkType: hard

"lightningcss-win32-arm64-msvc@npm:1.32.0":
  version: 1.32.0
  resolution: "lightningcss-win32-arm64-msvc@npm:1.32.0"
  conditions: os=win32 & cpu=arm64
  languageName: node
  linkType: hard

"lightningcss-win32-x64-msvc@npm:1.32.0":
  version: 1.32.0
  resolution: "lightningcss-win32-x64-msvc@npm:1.32.0"
  conditions: os=win32 & cpu=x64
  languageName: node
  linkType: hard

"lightningcss@npm:^1.32.0":
  version: 1.32.0
  resolution: "lightningcss@npm:1.32.0"
  dependencies:
    detect-libc: "npm:^2.0.3"
    lightningcss-android-arm64: "npm:1.32.0"
    lightningcss-darwin-arm64: "npm:1.32.0"
    lightningcss-darwin-x64: "npm:1.32.0"
    lightningcss-freebsd-x64: "npm:1.32.0"
    lightningcss-linux-arm-gnueabihf: "npm:1.32.0"
    lightningcss-linux-arm64-gnu: "npm:1.32.0"
    lightningcss-linux-arm64-musl: "npm:1.32.0"
    lightningcss-linux-x64-gnu: "npm:1.32.0"
    lightningcss-linux-x64-musl: "npm:1.32.0"
    lightningcss-win32-arm64-msvc: "npm:1.32.0"
    lightningcss-win32-x64-msvc: "npm:1.32.0"
  dependenciesMeta:
    lightningcss-android-arm64:
      optional: true
    lightningcss-darwin-arm64:
      optional: true
    lightningcss-darwin-x64:
      optional: true
    lightningcss-freebsd-x64:
      optional: true
    lightningcss-linux-arm-gnueabihf:
      optional: true
    lightningcss-linux-arm64-gnu:
      optional: true
    lightningcss-linux-arm64-musl:
      optional: true
    lightningcss-linux-x64-gnu:
      optional: true
    lightningcss-linux-x64-musl:
      optional: true
    lightningcss-win32-arm64-msvc:
      optional: true
    lightningcss-win32-x64-msvc:
      optional: true
  checksum: 10c0/70945bd55097af46fc9fab7f5ed09cd5869d85940a2acab7ee06d0117004a1d68155708a2d462531cea2fc3c67aefc9333a7068c80b0b78dd404c16838809e03
  languageName: node
  linkType: hard

"minipass@npm:^7.0.4, minipass@npm:^7.1.2":
  version: 7.1.3
  resolution: "minipass@npm:7.1.3"
  checksum: 10c0/539da88daca16533211ea5a9ee98dc62ff5742f531f54640dd34429e621955e91cc280a91a776026264b7f9f6735947629f920944e9c1558369e8bf22eb33fbb
  languageName: node
  linkType: hard

"minizlib@npm:^3.1.0":
  version: 3.1.0
  resolution: "minizlib@npm:3.1.0"
  dependencies:
    minipass: "npm:^7.1.2"
  checksum: 10c0/5aad75ab0090b8266069c9aabe582c021ae53eb33c6c691054a13a45db3b4f91a7fb1bd79151e6b4e9e9a86727b522527c0a06ec7d45206b745d54cd3097bcec
  languageName: node
  linkType: hard

"nanoid@npm:^3.3.12":
  version: 3.3.12
  resolution: "nanoid@npm:3.3.12"
  bin:
    nanoid: bin/nanoid.cjs
  checksum: 10c0/ba142b7b39e11e80c16dd74b0365d407880c87c1cf7e1480956981ae940ee36060fa5b6f092cd1e315184dd19244c657bd017d03327bd3c62247d691c5e8edfb
  languageName: node
  linkType: hard

"node-gyp@npm:latest":
  version: 12.4.0
  resolution: "node-gyp@npm:12.4.0"
  dependencies:
    env-paths: "npm:^2.2.0"
    exponential-backoff: "npm:^3.1.1"
    graceful-fs: "npm:^4.2.6"
    nopt: "npm:^9.0.0"
    proc-log: "npm:^6.0.0"
    semver: "npm:^7.3.5"
    tar: "npm:^7.5.4"
    tinyglobby: "npm:^0.2.12"
    undici: "npm:^6.25.0"
    which: "npm:^6.0.0"
  bin:
    node-gyp: bin/node-gyp.js
  checksum: 10c0/9acb7c798e124275a6f9c1f7eb64b5abd6196bb885a3945fb44ee0dccf435514e88cdfb0f228ee7ff76ef25107c1f39ff37a067bf92fd00b9aff9234db29ff9e
  languageName: node
  linkType: hard

"nopt@npm:^9.0.0":
  version: 9.0.0
  resolution: "nopt@npm:9.0.0"
  dependencies:
    abbrev: "npm:^4.0.0"
  bin:
    nopt: bin/nopt.js
  checksum: 10c0/1822eb6f9b020ef6f7a7516d7b64a8036e09666ea55ac40416c36e4b2b343122c3cff0e2f085675f53de1d2db99a2a89a60ccea1d120bcd6a5347bf6ceb4a7fd
  languageName: node
  linkType: hard

"picocolors@npm:^1.1.1":
  version: 1.1.1
  resolution: "picocolors@npm:1.1.1"
  checksum: 10c0/e2e3e8170ab9d7c7421969adaa7e1b31434f789afb9b3f115f6b96d91945041ac3ceb02e9ec6fe6510ff036bcc0bf91e69a1772edc0b707e12b19c0f2d6bcf58
  languageName: node
  linkType: hard

"picomatch@npm:^4.0.4":
  version: 4.0.4
  resolution: "picomatch@npm:4.0.4"
  checksum: 10c0/e2c6023372cc7b5764719a5ffb9da0f8e781212fa7ca4bd0562db929df8e117460f00dff3cb7509dacfc06b86de924b247f504d0ce1806a37fac4633081466b0
  languageName: node
  linkType: hard

"postcss@npm:^8.5.15":
  version: 8.5.15
  resolution: "postcss@npm:8.5.15"
  dependencies:
    nanoid: "npm:^3.3.12"
    picocolors: "npm:^1.1.1"
    source-map-js: "npm:^1.2.1"
  checksum: 10c0/7f2e63ae22fbe43aace1bf652bd99da4e90737c64194d49e51ddc9cd0f9e51ff2861a7d734379b494deffa03a880a5c65eec70bc29ee9ebaa7136dde3eee8f31
  languageName: node
  linkType: hard

"proc-log@npm:^6.0.0":
  version: 6.1.0
  resolution: "proc-log@npm:6.1.0"
  checksum: 10c0/4f178d4062733ead9d71a9b1ab24ebcecdfe2250916a5b1555f04fe2eda972a0ec76fbaa8df1ad9c02707add6749219d118a4fc46dc56bdfe4dde4b47d80bb82
  languageName: node
  linkType: hard

"react-dom@npm:19.2.7":
  version: 19.2.7
  resolution: "react-dom@npm:19.2.7"
  dependencies:
    scheduler: "npm:^0.27.0"
  peerDependencies:
    react: ^19.2.7
  checksum: 10c0/970ff600f6e80d47d39e2f226f12f226173b3cba3382efc97c5f0cd663de9af38c7a4c11c213fb936094faeac83060d660247accaa96b752180d5b951b9cfecb
  languageName: node
  linkType: hard

"react-is@npm:19.2.7":
  version: 19.2.7
  resolution: "react-is@npm:19.2.7"
  checksum: 10c0/419fe54d5bd7fdf5414a5bb7bd9a1e0e36f9fae28ffb4cb73290fbe342bde15d8584a90d1db62547f6aa03018dce517b178a041abb522136cd4b4b51b4e94c83
  languageName: node
  linkType: hard

"react-redux@npm:8.x.x || 9.x.x":
  version: 9.3.0
  resolution: "react-redux@npm:9.3.0"
  dependencies:
    "@types/use-sync-external-store": "npm:^0.0.6"
    use-sync-external-store: "npm:^1.4.0"
  peerDependencies:
    "@types/react": ^18.2.25 || ^19
    react: ^18.0 || ^19
    redux: ^5.0.0
  peerDependenciesMeta:
    "@types/react":
      optional: true
    redux:
      optional: true
  checksum: 10c0/b9f4efcfbfbc90cac9d1709ab3affb1e18a9dc9bd3cceda43bd2e1d9d2394ee0c29df36ec2202d52b566db774888b594c8c5aa86b64f27ef34fca607c687c9e3
  languageName: node
  linkType: hard

"react-router-dom@npm:7.18.0":
  version: 7.18.0
  resolution: "react-router-dom@npm:7.18.0"
  dependencies:
    react-router: "npm:7.18.0"
  peerDependencies:
    react: ">=18"
    react-dom: ">=18"
  checksum: 10c0/035303f4d14680bf5356ab20e40889fc7bac281f59399c34b8fd0ed884e2f8e9e1b17ce7e668cad5e8bc1b428fe32a33d97509947568a23f4271e0392501304c
  languageName: node
  linkType: hard

"react-router@npm:7.18.0":
  version: 7.18.0
  resolution: "react-router@npm:7.18.0"
  dependencies:
    cookie: "npm:^1.0.1"
    set-cookie-parser: "npm:^2.6.0"
  peerDependencies:
    react: ">=18"
    react-dom: ">=18"
  peerDependenciesMeta:
    react-dom:
      optional: true
  checksum: 10c0/7ab6c6dc7efdc14092486d63f55b04f9e3ef269fdec8c695a513f69e55d02a9beab8f637a13396952815d85accf16e7db2d65d9cbb68def13c349be82ceb5aee
  languageName: node
  linkType: hard

"react-window@npm:2.2.7":
  version: 2.2.7
  resolution: "react-window@npm:2.2.7"
  peerDependencies:
    react: ^18.0.0 || ^19.0.0
    react-dom: ^18.0.0 || ^19.0.0
  checksum: 10c0/4eba3bce2083fa53ac674513078fb23d4dc3ad7dfd12ea5733863b583ea1472294df791947a2b58f27bab45138cedf7a63fdc19b0420823bf19749aa10455b81
  languageName: node
  linkType: hard

"react@npm:19.2.7":
  version: 19.2.7
  resolution: "react@npm:19.2.7"
  checksum: 10c0/0bd0e2f1bbd4ba97561c6597bf8a5fec05e6476fe61e165c1065598d16668efc6715205599c94d3ddd49d36cb0f21cbf1b9bcc18ee840b805ce222c3e8d558ac
  languageName: node
  linkType: hard

"recharts@npm:3.8.1":
  version: 3.8.1
  resolution: "recharts@npm:3.8.1"
  dependencies:
    "@reduxjs/toolkit": "npm:^1.9.0 || 2.x.x"
    clsx: "npm:^2.1.1"
    decimal.js-light: "npm:^2.5.1"
    es-toolkit: "npm:^1.39.3"
    eventemitter3: "npm:^5.0.1"
    immer: "npm:^10.1.1"
    react-redux: "npm:8.x.x || 9.x.x"
    reselect: "npm:5.1.1"
    tiny-invariant: "npm:^1.3.3"
    use-sync-external-store: "npm:^1.2.2"
    victory-vendor: "npm:^37.0.2"
  peerDependencies:
    react: ^16.8.0 || ^17.0.0 || ^18.0.0 || ^19.0.0
    react-dom: ^16.0.0 || ^17.0.0 || ^18.0.0 || ^19.0.0
    react-is: ^16.8.0 || ^17.0.0 || ^18.0.0 || ^19.0.0
  checksum: 10c0/71a40596e95c4f683a78e6be5f7c27d1713e7bdd5f012c22c19c07b26375e87703a6620d0a553e810ebb5f15a3a972ab89283a689e8e45dfac29eef028e0c2ca
  languageName: node
  linkType: hard

"redux-thunk@npm:^3.1.0":
  version: 3.1.0
  resolution: "redux-thunk@npm:3.1.0"
  peerDependencies:
    redux: ^5.0.0
  checksum: 10c0/21557f6a30e1b2e3e470933247e51749be7f1d5a9620069a3125778675ce4d178d84bdee3e2a0903427a5c429e3aeec6d4df57897faf93eb83455bc1ef7b66fd
  languageName: node
  linkType: hard

"redux@npm:^5.0.1":
  version: 5.0.1
  resolution: "redux@npm:5.0.1"
  checksum: 10c0/b10c28357194f38e7d53b760ed5e64faa317cc63de1fb95bc5d9e127fab956392344368c357b8e7a9bedb0c35b111e7efa522210cfdc3b3c75e5074718e9069c
  languageName: node
  linkType: hard

"reselect@npm:5.1.1":
  version: 5.1.1
  resolution: "reselect@npm:5.1.1"
  checksum: 10c0/219c30da122980f61853db3aebd173524a2accd4b3baec770e3d51941426c87648a125ca08d8c57daa6b8b086f2fdd2703cb035dd6231db98cdbe1176a71f489
  languageName: node
  linkType: hard

"reselect@npm:^5.1.0":
  version: 5.2.0
  resolution: "reselect@npm:5.2.0"
  checksum: 10c0/d0a8497e404b25a769fe792eacae88b9b576c30870450cd243d76ec9427d91a59c4a2cc00d824d283448b444c4c698a8f961d771c8ae39c759313afb31950e2e
  languageName: node
  linkType: hard

"rolldown@npm:1.0.3":
  version: 1.0.3
  resolution: "rolldown@npm:1.0.3"
  dependencies:
    "@oxc-project/types": "npm:=0.133.0"
    "@rolldown/binding-android-arm64": "npm:1.0.3"
    "@rolldown/binding-darwin-arm64": "npm:1.0.3"
    "@rolldown/binding-darwin-x64": "npm:1.0.3"
    "@rolldown/binding-freebsd-x64": "npm:1.0.3"
    "@rolldown/binding-linux-arm-gnueabihf": "npm:1.0.3"
    "@rolldown/binding-linux-arm64-gnu": "npm:1.0.3"
    "@rolldown/binding-linux-arm64-musl": "npm:1.0.3"
    "@rolldown/binding-linux-ppc64-gnu": "npm:1.0.3"
    "@rolldown/binding-linux-s390x-gnu": "npm:1.0.3"
    "@rolldown/binding-linux-x64-gnu": "npm:1.0.3"
    "@rolldown/binding-linux-x64-musl": "npm:1.0.3"
    "@rolldown/binding-openharmony-arm64": "npm:1.0.3"
    "@rolldown/binding-wasm32-wasi": "npm:1.0.3"
    "@rolldown/binding-win32-arm64-msvc": "npm:1.0.3"
    "@rolldown/binding-win32-x64-msvc": "npm:1.0.3"
    "@rolldown/pluginutils": "npm:^1.0.0"
  dependenciesMeta:
    "@rolldown/binding-android-arm64":
      optional: true
    "@rolldown/binding-darwin-arm64":
      optional: true
    "@rolldown/binding-darwin-x64":
      optional: true
    "@rolldown/binding-freebsd-x64":
      optional: true
    "@rolldown/binding-linux-arm-gnueabihf":
      optional: true
    "@rolldown/binding-linux-arm64-gnu":
      optional: true
    "@rolldown/binding-linux-arm64-musl":
      optional: true
    "@rolldown/binding-linux-ppc64-gnu":
      optional: true
    "@rolldown/binding-linux-s390x-gnu":
      optional: true
    "@rolldown/binding-linux-x64-gnu":
      optional: true
    "@rolldown/binding-linux-x64-musl":
      optional: true
    "@rolldown/binding-openharmony-arm64":
      optional: true
    "@rolldown/binding-wasm32-wasi":
      optional: true
    "@rolldown/binding-win32-arm64-msvc":
      optional: true
    "@rolldown/binding-win32-x64-msvc":
      optional: true
  bin:
    rolldown: ./bin/cli.mjs
  checksum: 10c0/5f9dd47b7abf203b16bc600db68542f245e974c800e59ff50b76157d1dada1403657690435b036fabca88e93d13a67c31abe5cfaa6f61ce33717f61720204cdf
  languageName: node
  linkType: hard

"scheduler@npm:^0.27.0":
  version: 0.27.0
  resolution: "scheduler@npm:0.27.0"
  checksum: 10c0/4f03048cb05a3c8fddc45813052251eca00688f413a3cee236d984a161da28db28ba71bd11e7a3dd02f7af84ab28d39fb311431d3b3772fed557945beb00c452
  languageName: node
  linkType: hard

"semver@npm:^7.3.5":
  version: 7.8.2
  resolution: "semver@npm:7.8.2"
  bin:
    semver: bin/semver.js
  checksum: 10c0/8e8c193fa75b938e5b3ccf6707c6447e4b34f73e493e72b03f3185393489f45e049144052f624217c346d6c6e0a301dda8eeab2f14413e337218ecb1cbd2de16
  languageName: node
  linkType: hard

"set-cookie-parser@npm:^2.6.0":
  version: 2.7.2
  resolution: "set-cookie-parser@npm:2.7.2"
  checksum: 10c0/4381a9eb7ee951dfe393fe7aacf76b9a3b4e93a684d2162ab35594fa4053cc82a4d7d7582bf397718012c9adcf839b8cd8f57c6c42901ea9effe33c752da4a45
  languageName: node
  linkType: hard

"source-map-js@npm:^1.2.1":
  version: 1.2.1
  resolution: "source-map-js@npm:1.2.1"
  checksum: 10c0/7bda1fc4c197e3c6ff17de1b8b2c20e60af81b63a52cb32ec5a5d67a20a7d42651e2cb34ebe93833c5a2a084377e17455854fee3e21e7925c64a51b6a52b0faf
  languageName: node
  linkType: hard

"tar@npm:^7.5.4":
  version: 7.5.16
  resolution: "tar@npm:7.5.16"
  dependencies:
    "@isaacs/fs-minipass": "npm:^4.0.0"
    chownr: "npm:^3.0.0"
    minipass: "npm:^7.1.2"
    minizlib: "npm:^3.1.0"
    yallist: "npm:^5.0.0"
  checksum: 10c0/4f37f3c4bd2ca2755fd736a5df1d573c1a868ec1b1e893346aeafa95ac510f9e2fd1469420bd866cc7904799e5bd4ac62b5d4f03fe27747d6e1e373b44505c5c
  languageName: node
  linkType: hard

"tiny-invariant@npm:^1.3.3":
  version: 1.3.3
  resolution: "tiny-invariant@npm:1.3.3"
  checksum: 10c0/65af4a07324b591a059b35269cd696aba21bef2107f29b9f5894d83cc143159a204b299553435b03874ebb5b94d019afa8b8eff241c8a4cfee95872c2e1c1c4a
  languageName: node
  linkType: hard

"tinyglobby@npm:^0.2.12, tinyglobby@npm:^0.2.17":
  version: 0.2.17
  resolution: "tinyglobby@npm:0.2.17"
  dependencies:
    fdir: "npm:^6.5.0"
    picomatch: "npm:^4.0.4"
  checksum: 10c0/7f7bb0f197c88bc4b20c231e0deca4240ca3bf313a88f5a7fee93a872b84966a4d50220947c0455ad07a60b3b360961c5b7fd979222aeb716a9f99b412002e4c
  languageName: node
  linkType: hard

"tslib@npm:^2.4.0":
  version: 2.8.1
  resolution: "tslib@npm:2.8.1"
  checksum: 10c0/9c4759110a19c53f992d9aae23aac5ced636e99887b51b9e61def52611732872ff7668757d4e4c61f19691e36f4da981cd9485e869b4a7408d689f6bf1f14e62
  languageName: node
  linkType: hard

"typescript@npm:6.0.3":
  version: 6.0.3
  resolution: "typescript@npm:6.0.3"
  bin:
    tsc: bin/tsc
    tsserver: bin/tsserver
  checksum: 10c0/4a25ff5045b984370f48f196b3a0120779b1b343d40b9a68d114ea5e5fff099809b2bb777576991a63a5cd59cf7bffd96ff6fe10afcefbcb8bd6fb96ad4b6606
  languageName: node
  linkType: hard

"typescript@patch:typescript@npm%3A6.0.3#optional!builtin<compat/typescript>":
  version: 6.0.3
  resolution: "typescript@patch:typescript@npm%3A6.0.3#optional!builtin<compat/typescript>::version=6.0.3&hash=5786d5"
  bin:
    tsc: bin/tsc
    tsserver: bin/tsserver
  checksum: 10c0/2f25c74e65663c248fa1ade2b8459d9ce5372ff9dad07067310f132966ebec1d93f6c42f0baf77a6b6a7a91460463f708e6887013aaade22111037457c6b25df
  languageName: node
  linkType: hard

"undici-types@npm:~8.3.0":
  version: 8.3.0
  resolution: "undici-types@npm:8.3.0"
  checksum: 10c0/c8aa7e2fbebfce519654dafadc0ece59be888d2ccaf180fb4495da875e7b536d2456345c384069c7e6f3e9c9ab7435f074957da306f142343eee86ff8048855a
  languageName: node
  linkType: hard

"undici@npm:^6.25.0":
  version: 6.26.0
  resolution: "undici@npm:6.26.0"
  checksum: 10c0/cf2b4caf58c33d6582970991290cc7a6486d6e738845f25dcdd16952d708ec844815c6d30362919764fcaf30f719891289341f1ada496f003ce2700310453a47
  languageName: node
  linkType: hard

"use-sync-external-store@npm:^1.2.2, use-sync-external-store@npm:^1.4.0":
  version: 1.6.0
  resolution: "use-sync-external-store@npm:1.6.0"
  peerDependencies:
    react: ^16.8.0 || ^17.0.0 || ^18.0.0 || ^19.0.0
  checksum: 10c0/35e1179f872a53227bdf8a827f7911da4c37c0f4091c29b76b1e32473d1670ebe7bcd880b808b7549ba9a5605c233350f800ffab963ee4a4ee346ee983b6019b
  languageName: node
  linkType: hard

"victory-vendor@npm:^37.0.2":
  version: 37.3.6
  resolution: "victory-vendor@npm:37.3.6"
  dependencies:
    "@types/d3-array": "npm:^3.0.3"
    "@types/d3-ease": "npm:^3.0.0"
    "@types/d3-interpolate": "npm:^3.0.1"
    "@types/d3-scale": "npm:^4.0.2"
    "@types/d3-shape": "npm:^3.1.0"
    "@types/d3-time": "npm:^3.0.0"
    "@types/d3-timer": "npm:^3.0.0"
    d3-array: "npm:^3.1.6"
    d3-ease: "npm:^3.0.1"
    d3-interpolate: "npm:^3.0.1"
    d3-scale: "npm:^4.0.2"
    d3-shape: "npm:^3.1.0"
    d3-time: "npm:^3.0.0"
    d3-timer: "npm:^3.0.1"
  checksum: 10c0/0a9628db30b898160409628f26d457ba15adc86472531817d73fbeb847de498d94f91dee5f4caa969195744e91be93e100eeff7a392b591ac5349343a36dec29
  languageName: node
  linkType: hard

"vite@npm:8.0.16":
  version: 8.0.16
  resolution: "vite@npm:8.0.16"
  dependencies:
    fsevents: "npm:~2.3.3"
    lightningcss: "npm:^1.32.0"
    picomatch: "npm:^4.0.4"
    postcss: "npm:^8.5.15"
    rolldown: "npm:1.0.3"
    tinyglobby: "npm:^0.2.17"
  peerDependencies:
    "@types/node": ^20.19.0 || >=22.12.0
    "@vitejs/devtools": ^0.1.18
    esbuild: ^0.27.0 || ^0.28.0
    jiti: ">=1.21.0"
    less: ^4.0.0
    sass: ^1.70.0
    sass-embedded: ^1.70.0
    stylus: ">=0.54.8"
    sugarss: ^5.0.0
    terser: ^5.16.0
    tsx: ^4.8.1
    yaml: ^2.4.2
  dependenciesMeta:
    fsevents:
      optional: true
  peerDependenciesMeta:
    "@types/node":
      optional: true
    "@vitejs/devtools":
      optional: true
    esbuild:
      optional: true
    jiti:
      optional: true
    less:
      optional: true
    sass:
      optional: true
    sass-embedded:
      optional: true
    stylus:
      optional: true
    sugarss:
      optional: true
    terser:
      optional: true
    tsx:
      optional: true
    yaml:
      optional: true
  bin:
    vite: bin/vite.js
  checksum: 10c0/d75be3fbe2f63e6a8145325970338afaf0dd4d96ba9175c13f9a286fd5f95afc489401b693e4fa6c0899a4dd0e137be91cdf9401a40a635563911ad5036e3467
  languageName: node
  linkType: hard

"which@npm:^6.0.0":
  version: 6.0.1
  resolution: "which@npm:6.0.1"
  dependencies:
    isexe: "npm:^4.0.0"
  bin:
    node-which: bin/which.js
  checksum: 10c0/7e710e54ea36d2d6183bee2f9caa27a3b47b9baf8dee55a199b736fcf85eab3b9df7556fca3d02b50af7f3dfba5ea3a45644189836df06267df457e354da66d5
  languageName: node
  linkType: hard

"yallist@npm:^5.0.0":
  version: 5.0.0
  resolution: "yallist@npm:5.0.0"
  checksum: 10c0/a499c81ce6d4a1d260d4ea0f6d49ab4da09681e32c3f0472dee16667ed69d01dae63a3b81745a24bd78476ec4fcf856114cb4896ace738e01da34b2c42235416
  languageName: node
  linkType: hard
