# This file is generated by running "yarn install" inside your project.
# Manual changes might be lost - proceed with caution!

__metadata:
  version: 6
  cacheKey: 8

"@datadog/browser-core@npm:4.42.1":
  version: 4.42.1
  resolution: "@datadog/browser-core@npm:4.42.1"
  checksum: 9136ea512a6aa0e056ed1a86fbd3304a3dd4b737f7d047b345fada3a30ae7e4f44fc50fefd9d2c9d384c06005b56458cc92ed665aaec7f9570fdf7e27a28ec9e
  languageName: node
  linkType: hard

"@datadog/browser-rum-core@npm:4.42.1":
  version: 4.42.1
  resolution: "@datadog/browser-rum-core@npm:4.42.1"
  dependencies:
    "@datadog/browser-core": 4.42.1
  checksum: c106bdd12f43baa7a0f2363b460c8471f4e2240fb71bb49342119202d799f23814d0206ab72f1a39abda8fc2a99bceb648cc3990911657db573d663519212ec1
  languageName: node
  linkType: hard

"@datadog/browser-rum@portal:../../rum::locator=%40datadog%2Flaunch-darkly-integration%40workspace%3A.":
  version: 0.0.0-use.local
  resolution: "@datadog/browser-rum@portal:../../rum::locator=%40datadog%2Flaunch-darkly-integration%40workspace%3A."
  dependencies:
    "@datadog/browser-core": 4.42.1
    "@datadog/browser-rum-core": 4.42.1
  peerDependencies:
    "@datadog/browser-logs": 4.42.1
  peerDependenciesMeta:
    "@datadog/browser-logs":
      optional: true
  languageName: node
  linkType: soft

"@datadog/launch-darkly-integration@workspace:.":
  version: 0.0.0-use.local
  resolution: "@datadog/launch-darkly-integration@workspace:."
  dependencies:
    "@datadog/browser-rum": "portal:../../rum"
    launchdarkly-js-client-sdk: 2.24.2
  languageName: unknown
  linkType: soft

"base64-js@npm:^1.3.0":
  version: 1.5.1
  resolution: "base64-js@npm:1.5.1"
  checksum: 669632eb3745404c2f822a18fc3a0122d2f9a7a13f7fb8b5823ee19d1d2ff9ee5b52c53367176ea4ad093c332fd5ab4bd0ebae5a8e27917a4105a4cfc86b1005
  languageName: node
  linkType: hard

"escape-string-regexp@npm:^4.0.0":
  version: 4.0.0
  resolution: "escape-string-regexp@npm:4.0.0"
  checksum: 98b48897d93060f2322108bf29db0feba7dd774be96cd069458d1453347b25ce8682ecc39859d4bca2203cc0ab19c237bcc71755eff49a0f8d90beadeeba5cc5
  languageName: node
  linkType: hard

"fast-deep-equal@npm:^2.0.1":
  version: 2.0.1
  resolution: "fast-deep-equal@npm:2.0.1"
  checksum: b701835a87985e0ec4925bdf1f0c1e7eb56309b5d12d534d5b4b69d95a54d65bb16861c081781ead55f73f12d6c60ba668713391ee7fbf6b0567026f579b7b0b
  languageName: node
  linkType: hard

"launchdarkly-js-client-sdk@npm:2.24.2":
  version: 2.24.2
  resolution: "launchdarkly-js-client-sdk@npm:2.24.2"
  dependencies:
    escape-string-regexp: ^4.0.0
    launchdarkly-js-sdk-common: 3.8.2
  checksum: c12564e4ee49358692dc4bde3a841119f734d4454e0e9c0e12c415f910539d969a3e3bb89b29cb52596f3c0c8a56d29cc9e38352b95748c1519bc506455e18bc
  languageName: node
  linkType: hard

"launchdarkly-js-sdk-common@npm:3.8.2":
  version: 3.8.2
  resolution: "launchdarkly-js-sdk-common@npm:3.8.2"
  dependencies:
    base64-js: ^1.3.0
    fast-deep-equal: ^2.0.1
    uuid: ^3.3.2
  checksum: ad8725c4fc578caf5bbaf594d3c8eb73b9ba834b00c2c1315d168745a062af2b8a412158d890be55bb93990fc09a2c69481d0d24676e9fedfe535a6edde51425
  languageName: node
  linkType: hard

"uuid@npm:^3.3.2":
  version: 3.4.0
  resolution: "uuid@npm:3.4.0"
  bin:
    uuid: ./bin/uuid
  checksum: 58de2feed61c59060b40f8203c0e4ed7fd6f99d42534a499f1741218a1dd0c129f4aa1de797bcf822c8ea5da7e4137aa3673431a96dae729047f7aca7b27866f
  languageName: node
  linkType: hard
