# This file is generated by running "yarn install" inside your project.
# Manual changes might be lost - proceed with caution!

__metadata:
  version: 8
  cacheKey: 10c0

"@datadog/browser-core@file:../../../packages/core/package.tgz::locator=react-app%40workspace%3A.":
  version: 6.10.0
  resolution: "@datadog/browser-core@file:../../../packages/core/package.tgz#../../../packages/core/package.tgz::hash=4e1426&locator=react-app%40workspace%3A."
  checksum: 10c0/b5972c402224782e23b7884a8d4d4b0947835b7e75f2becd42a49a097510f6760b96404eabe45e4ded9a87f13e6e804e3f74202947f36aa31344f8f4f29f3944
  languageName: node
  linkType: hard

"@datadog/browser-rum-core@file:../../../packages/rum-core/package.tgz::locator=react-app%40workspace%3A.":
  version: 6.10.0
  resolution: "@datadog/browser-rum-core@file:../../../packages/rum-core/package.tgz#../../../packages/rum-core/package.tgz::hash=eca8a2&locator=react-app%40workspace%3A."
  dependencies:
    "@datadog/browser-core": "npm:6.10.0"
  checksum: 10c0/5daa04547876d3dc96fe1b981fc44b4d9bfc1ccea0e2a9e780742cc31c36b83c3ec88d97f5892b71d117b00aee70888171f372767b45bf57754be2a0575b8bd1
  languageName: node
  linkType: hard

"@datadog/browser-rum-react@file:../../../packages/rum-react/package.tgz::locator=react-app%40workspace%3A.":
  version: 6.10.0
  resolution: "@datadog/browser-rum-react@file:../../../packages/rum-react/package.tgz#../../../packages/rum-react/package.tgz::hash=689685&locator=react-app%40workspace%3A."
  dependencies:
    "@datadog/browser-core": "npm:6.10.0"
    "@datadog/browser-rum-core": "npm:6.10.0"
  peerDependencies:
    react: 18 || 19
    react-router-dom: 6 || 7
  peerDependenciesMeta:
    "@datadog/browser-rum":
      optional: true
    "@datadog/browser-rum-slim":
      optional: true
    react:
      optional: true
    react-router-dom:
      optional: true
  checksum: 10c0/ce72c3c8d604d5c4db5ee52b4097baec4c78c2f9d68a59d8e4ceaececc74462b5aab4d9787b58a6ed052ff9de3a9a3ee7f0c825cfd7e0a7aac93b1e4521fe663
  languageName: node
  linkType: hard

"@datadog/browser-rum@file:../../../packages/rum/package.tgz::locator=react-app%40workspace%3A.":
  version: 6.10.0
  resolution: "@datadog/browser-rum@file:../../../packages/rum/package.tgz#../../../packages/rum/package.tgz::hash=1c8017&locator=react-app%40workspace%3A."
  dependencies:
    "@datadog/browser-core": "npm:6.10.0"
    "@datadog/browser-rum-core": "npm:6.10.0"
  peerDependencies:
    "@datadog/browser-logs": 6.10.0
  peerDependenciesMeta:
    "@datadog/browser-logs":
      optional: true
  checksum: 10c0/d591646918c455fdf5581a992c02a32122ff4091d890e4f4908e4c4152cfe72cbadb326506345b5b6f3e8ecca7676fd01b8ea54268a07ead89a99f9e1603b99c
  languageName: node
  linkType: hard

"@jridgewell/gen-mapping@npm:^0.3.5":
  version: 0.3.8
  resolution: "@jridgewell/gen-mapping@npm:0.3.8"
  dependencies:
    "@jridgewell/set-array": "npm:^1.2.1"
    "@jridgewell/sourcemap-codec": "npm:^1.4.10"
    "@jridgewell/trace-mapping": "npm:^0.3.24"
  checksum: 10c0/c668feaf86c501d7c804904a61c23c67447b2137b813b9ce03eca82cb9d65ac7006d766c218685d76e3d72828279b6ee26c347aa1119dab23fbaf36aed51585a
  languageName: node
  linkType: hard

"@jridgewell/resolve-uri@npm:^3.1.0":
  version: 3.1.2
  resolution: "@jridgewell/resolve-uri@npm:3.1.2"
  checksum: 10c0/d502e6fb516b35032331406d4e962c21fe77cdf1cbdb49c6142bcbd9e30507094b18972778a6e27cbad756209cfe34b1a27729e6fa08a2eb92b33943f680cf1e
  languageName: node
  linkType: hard

"@jridgewell/set-array@npm:^1.2.1":
  version: 1.2.1
  resolution: "@jridgewell/set-array@npm:1.2.1"
  checksum: 10c0/2a5aa7b4b5c3464c895c802d8ae3f3d2b92fcbe84ad12f8d0bfbb1f5ad006717e7577ee1fd2eac00c088abe486c7adb27976f45d2941ff6b0b92b2c3302c60f4
  languageName: node
  linkType: hard

"@jridgewell/source-map@npm:^0.3.3":
  version: 0.3.6
  resolution: "@jridgewell/source-map@npm:0.3.6"
  dependencies:
    "@jridgewell/gen-mapping": "npm:^0.3.5"
    "@jridgewell/trace-mapping": "npm:^0.3.25"
  checksum: 10c0/6a4ecc713ed246ff8e5bdcc1ef7c49aaa93f7463d948ba5054dda18b02dcc6a055e2828c577bcceee058f302ce1fc95595713d44f5c45e43d459f88d267f2f04
  languageName: node
  linkType: hard

"@jridgewell/sourcemap-codec@npm:^1.4.10, @jridgewell/sourcemap-codec@npm:^1.4.14":
  version: 1.5.0
  resolution: "@jridgewell/sourcemap-codec@npm:1.5.0"
  checksum: 10c0/2eb864f276eb1096c3c11da3e9bb518f6d9fc0023c78344cdc037abadc725172c70314bdb360f2d4b7bffec7f5d657ce006816bc5d4ecb35e61b66132db00c18
  languageName: node
  linkType: hard

"@jridgewell/trace-mapping@npm:^0.3.24, @jridgewell/trace-mapping@npm:^0.3.25":
  version: 0.3.25
  resolution: "@jridgewell/trace-mapping@npm:0.3.25"
  dependencies:
    "@jridgewell/resolve-uri": "npm:^3.1.0"
    "@jridgewell/sourcemap-codec": "npm:^1.4.14"
  checksum: 10c0/3d1ce6ebc69df9682a5a8896b414c6537e428a1d68b02fcc8363b04284a8ca0df04d0ee3013132252ab14f2527bc13bea6526a912ecb5658f0e39fd2860b4df4
  languageName: node
  linkType: hard

"@remix-run/router@npm:1.23.0":
  version: 1.23.0
  resolution: "@remix-run/router@npm:1.23.0"
  checksum: 10c0/eaef5cb46a1e413f7d1019a75990808307e08e53a39d4cf69c339432ddc03143d725decef3d6b9b5071b898da07f72a4a57c4e73f787005fcf10162973d8d7d7
  languageName: node
  linkType: hard

"@types/eslint-scope@npm:^3.7.7":
  version: 3.7.7
  resolution: "@types/eslint-scope@npm:3.7.7"
  dependencies:
    "@types/eslint": "npm:*"
    "@types/estree": "npm:*"
  checksum: 10c0/a0ecbdf2f03912679440550817ff77ef39a30fa8bfdacaf6372b88b1f931828aec392f52283240f0d648cf3055c5ddc564544a626bcf245f3d09fcb099ebe3cc
  languageName: node
  linkType: hard

"@types/eslint@npm:*":
  version: 9.6.1
  resolution: "@types/eslint@npm:9.6.1"
  dependencies:
    "@types/estree": "npm:*"
    "@types/json-schema": "npm:*"
  checksum: 10c0/69ba24fee600d1e4c5abe0df086c1a4d798abf13792d8cfab912d76817fe1a894359a1518557d21237fbaf6eda93c5ab9309143dee4c59ef54336d1b3570420e
  languageName: node
  linkType: hard

"@types/estree@npm:*, @types/estree@npm:^1.0.6":
  version: 1.0.6
  resolution: "@types/estree@npm:1.0.6"
  checksum: 10c0/cdfd751f6f9065442cd40957c07fd80361c962869aa853c1c2fd03e101af8b9389d8ff4955a43a6fcfa223dd387a089937f95be0f3eec21ca527039fd2d9859a
  languageName: node
  linkType: hard

"@types/json-schema@npm:*, @types/json-schema@npm:^7.0.9":
  version: 7.0.15
  resolution: "@types/json-schema@npm:7.0.15"
  checksum: 10c0/a996a745e6c5d60292f36731dd41341339d4eeed8180bb09226e5c8d23759067692b1d88e5d91d72ee83dfc00d3aca8e7bd43ea120516c17922cbcb7c3e252db
  languageName: node
  linkType: hard

"@types/node@npm:*":
  version: 22.13.10
  resolution: "@types/node@npm:22.13.10"
  dependencies:
    undici-types: "npm:~6.20.0"
  checksum: 10c0/a3865f9503d6f718002374f7b87efaadfae62faa499c1a33b12c527cfb9fd86f733e1a1b026b80c5a0e4a965701174bc3305595a7d36078aa1abcf09daa5dee9
  languageName: node
  linkType: hard

"@webassemblyjs/ast@npm:1.14.1, @webassemblyjs/ast@npm:^1.14.1":
  version: 1.14.1
  resolution: "@webassemblyjs/ast@npm:1.14.1"
  dependencies:
    "@webassemblyjs/helper-numbers": "npm:1.13.2"
    "@webassemblyjs/helper-wasm-bytecode": "npm:1.13.2"
  checksum: 10c0/67a59be8ed50ddd33fbb2e09daa5193ac215bf7f40a9371be9a0d9797a114d0d1196316d2f3943efdb923a3d809175e1563a3cb80c814fb8edccd1e77494972b
  languageName: node
  linkType: hard

"@webassemblyjs/floating-point-hex-parser@npm:1.13.2":
  version: 1.13.2
  resolution: "@webassemblyjs/floating-point-hex-parser@npm:1.13.2"
  checksum: 10c0/0e88bdb8b50507d9938be64df0867f00396b55eba9df7d3546eb5dc0ca64d62e06f8d881ec4a6153f2127d0f4c11d102b6e7d17aec2f26bb5ff95a5e60652412
  languageName: node
  linkType: hard

"@webassemblyjs/helper-api-error@npm:1.13.2":
  version: 1.13.2
  resolution: "@webassemblyjs/helper-api-error@npm:1.13.2"
  checksum: 10c0/31be497f996ed30aae4c08cac3cce50c8dcd5b29660383c0155fce1753804fc55d47fcba74e10141c7dd2899033164e117b3bcfcda23a6b043e4ded4f1003dfb
  languageName: node
  linkType: hard

"@webassemblyjs/helper-buffer@npm:1.14.1":
  version: 1.14.1
  resolution: "@webassemblyjs/helper-buffer@npm:1.14.1"
  checksum: 10c0/0d54105dc373c0fe6287f1091e41e3a02e36cdc05e8cf8533cdc16c59ff05a646355415893449d3768cda588af451c274f13263300a251dc11a575bc4c9bd210
  languageName: node
  linkType: hard

"@webassemblyjs/helper-numbers@npm:1.13.2":
  version: 1.13.2
  resolution: "@webassemblyjs/helper-numbers@npm:1.13.2"
  dependencies:
    "@webassemblyjs/floating-point-hex-parser": "npm:1.13.2"
    "@webassemblyjs/helper-api-error": "npm:1.13.2"
    "@xtuc/long": "npm:4.2.2"
  checksum: 10c0/9c46852f31b234a8fb5a5a9d3f027bc542392a0d4de32f1a9c0075d5e8684aa073cb5929b56df565500b3f9cc0a2ab983b650314295b9bf208d1a1651bfc825a
  languageName: node
  linkType: hard

"@webassemblyjs/helper-wasm-bytecode@npm:1.13.2":
  version: 1.13.2
  resolution: "@webassemblyjs/helper-wasm-bytecode@npm:1.13.2"
  checksum: 10c0/c4355d14f369b30cf3cbdd3acfafc7d0488e086be6d578e3c9780bd1b512932352246be96e034e2a7fcfba4f540ec813352f312bfcbbfe5bcfbf694f82ccc682
  languageName: node
  linkType: hard

"@webassemblyjs/helper-wasm-section@npm:1.14.1":
  version: 1.14.1
  resolution: "@webassemblyjs/helper-wasm-section@npm:1.14.1"
  dependencies:
    "@webassemblyjs/ast": "npm:1.14.1"
    "@webassemblyjs/helper-buffer": "npm:1.14.1"
    "@webassemblyjs/helper-wasm-bytecode": "npm:1.13.2"
    "@webassemblyjs/wasm-gen": "npm:1.14.1"
  checksum: 10c0/1f9b33731c3c6dbac3a9c483269562fa00d1b6a4e7133217f40e83e975e636fd0f8736e53abd9a47b06b66082ecc976c7384391ab0a68e12d509ea4e4b948d64
  languageName: node
  linkType: hard

"@webassemblyjs/ieee754@npm:1.13.2":
  version: 1.13.2
  resolution: "@webassemblyjs/ieee754@npm:1.13.2"
  dependencies:
    "@xtuc/ieee754": "npm:^1.2.0"
  checksum: 10c0/2e732ca78c6fbae3c9b112f4915d85caecdab285c0b337954b180460290ccd0fb00d2b1dc4bb69df3504abead5191e0d28d0d17dfd6c9d2f30acac8c4961c8a7
  languageName: node
  linkType: hard

"@webassemblyjs/leb128@npm:1.13.2":
  version: 1.13.2
  resolution: "@webassemblyjs/leb128@npm:1.13.2"
  dependencies:
    "@xtuc/long": "npm:4.2.2"
  checksum: 10c0/dad5ef9e383c8ab523ce432dfd80098384bf01c45f70eb179d594f85ce5db2f80fa8c9cba03adafd85684e6d6310f0d3969a882538975989919329ac4c984659
  languageName: node
  linkType: hard

"@webassemblyjs/utf8@npm:1.13.2":
  version: 1.13.2
  resolution: "@webassemblyjs/utf8@npm:1.13.2"
  checksum: 10c0/d3fac9130b0e3e5a1a7f2886124a278e9323827c87a2b971e6d0da22a2ba1278ac9f66a4f2e363ecd9fac8da42e6941b22df061a119e5c0335f81006de9ee799
  languageName: node
  linkType: hard

"@webassemblyjs/wasm-edit@npm:^1.14.1":
  version: 1.14.1
  resolution: "@webassemblyjs/wasm-edit@npm:1.14.1"
  dependencies:
    "@webassemblyjs/ast": "npm:1.14.1"
    "@webassemblyjs/helper-buffer": "npm:1.14.1"
    "@webassemblyjs/helper-wasm-bytecode": "npm:1.13.2"
    "@webassemblyjs/helper-wasm-section": "npm:1.14.1"
    "@webassemblyjs/wasm-gen": "npm:1.14.1"
    "@webassemblyjs/wasm-opt": "npm:1.14.1"
    "@webassemblyjs/wasm-parser": "npm:1.14.1"
    "@webassemblyjs/wast-printer": "npm:1.14.1"
  checksum: 10c0/5ac4781086a2ca4b320bdbfd965a209655fe8a208ca38d89197148f8597e587c9a2c94fb6bd6f1a7dbd4527c49c6844fcdc2af981f8d793a97bf63a016aa86d2
  languageName: node
  linkType: hard

"@webassemblyjs/wasm-gen@npm:1.14.1":
  version: 1.14.1
  resolution: "@webassemblyjs/wasm-gen@npm:1.14.1"
  dependencies:
    "@webassemblyjs/ast": "npm:1.14.1"
    "@webassemblyjs/helper-wasm-bytecode": "npm:1.13.2"
    "@webassemblyjs/ieee754": "npm:1.13.2"
    "@webassemblyjs/leb128": "npm:1.13.2"
    "@webassemblyjs/utf8": "npm:1.13.2"
  checksum: 10c0/d678810d7f3f8fecb2e2bdadfb9afad2ec1d2bc79f59e4711ab49c81cec578371e22732d4966f59067abe5fba8e9c54923b57060a729d28d408e608beef67b10
  languageName: node
  linkType: hard

"@webassemblyjs/wasm-opt@npm:1.14.1":
  version: 1.14.1
  resolution: "@webassemblyjs/wasm-opt@npm:1.14.1"
  dependencies:
    "@webassemblyjs/ast": "npm:1.14.1"
    "@webassemblyjs/helper-buffer": "npm:1.14.1"
    "@webassemblyjs/wasm-gen": "npm:1.14.1"
    "@webassemblyjs/wasm-parser": "npm:1.14.1"
  checksum: 10c0/515bfb15277ee99ba6b11d2232ddbf22aed32aad6d0956fe8a0a0a004a1b5a3a277a71d9a3a38365d0538ac40d1b7b7243b1a244ad6cd6dece1c1bb2eb5de7ee
  languageName: node
  linkType: hard

"@webassemblyjs/wasm-parser@npm:1.14.1, @webassemblyjs/wasm-parser@npm:^1.14.1":
  version: 1.14.1
  resolution: "@webassemblyjs/wasm-parser@npm:1.14.1"
  dependencies:
    "@webassemblyjs/ast": "npm:1.14.1"
    "@webassemblyjs/helper-api-error": "npm:1.13.2"
    "@webassemblyjs/helper-wasm-bytecode": "npm:1.13.2"
    "@webassemblyjs/ieee754": "npm:1.13.2"
    "@webassemblyjs/leb128": "npm:1.13.2"
    "@webassemblyjs/utf8": "npm:1.13.2"
  checksum: 10c0/95427b9e5addbd0f647939bd28e3e06b8deefdbdadcf892385b5edc70091bf9b92fa5faac3fce8333554437c5d85835afef8c8a7d9d27ab6ba01ffab954db8c6
  languageName: node
  linkType: hard

"@webassemblyjs/wast-printer@npm:1.14.1":
  version: 1.14.1
  resolution: "@webassemblyjs/wast-printer@npm:1.14.1"
  dependencies:
    "@webassemblyjs/ast": "npm:1.14.1"
    "@xtuc/long": "npm:4.2.2"
  checksum: 10c0/8d7768608996a052545251e896eac079c98e0401842af8dd4de78fba8d90bd505efb6c537e909cd6dae96e09db3fa2e765a6f26492553a675da56e2db51f9d24
  languageName: node
  linkType: hard

"@xtuc/ieee754@npm:^1.2.0":
  version: 1.2.0
  resolution: "@xtuc/ieee754@npm:1.2.0"
  checksum: 10c0/a8565d29d135039bd99ae4b2220d3e167d22cf53f867e491ed479b3f84f895742d0097f935b19aab90265a23d5d46711e4204f14c479ae3637fbf06c4666882f
  languageName: node
  linkType: hard

"@xtuc/long@npm:4.2.2":
  version: 4.2.2
  resolution: "@xtuc/long@npm:4.2.2"
  checksum: 10c0/8582cbc69c79ad2d31568c412129bf23d2b1210a1dfb60c82d5a1df93334da4ee51f3057051658569e2c196d8dc33bc05ae6b974a711d0d16e801e1d0647ccd1
  languageName: node
  linkType: hard

"acorn@npm:^8.14.0, acorn@npm:^8.8.2":
  version: 8.14.1
  resolution: "acorn@npm:8.14.1"
  bin:
    acorn: bin/acorn
  checksum: 10c0/dbd36c1ed1d2fa3550140000371fcf721578095b18777b85a79df231ca093b08edc6858d75d6e48c73e431c174dcf9214edbd7e6fa5911b93bd8abfa54e47123
  languageName: node
  linkType: hard

"ajv-formats@npm:^2.1.1":
  version: 2.1.1
  resolution: "ajv-formats@npm:2.1.1"
  dependencies:
    ajv: "npm:^8.0.0"
  peerDependencies:
    ajv: ^8.0.0
  peerDependenciesMeta:
    ajv:
      optional: true
  checksum: 10c0/e43ba22e91b6a48d96224b83d260d3a3a561b42d391f8d3c6d2c1559f9aa5b253bfb306bc94bbeca1d967c014e15a6efe9a207309e95b3eaae07fcbcdc2af662
  languageName: node
  linkType: hard

"ajv-keywords@npm:^5.1.0":
  version: 5.1.0
  resolution: "ajv-keywords@npm:5.1.0"
  dependencies:
    fast-deep-equal: "npm:^3.1.3"
  peerDependencies:
    ajv: ^8.8.2
  checksum: 10c0/18bec51f0171b83123ba1d8883c126e60c6f420cef885250898bf77a8d3e65e3bfb9e8564f497e30bdbe762a83e0d144a36931328616a973ee669dc74d4a9590
  languageName: node
  linkType: hard

"ajv@npm:^8.0.0, ajv@npm:^8.9.0":
  version: 8.17.1
  resolution: "ajv@npm:8.17.1"
  dependencies:
    fast-deep-equal: "npm:^3.1.3"
    fast-uri: "npm:^3.0.1"
    json-schema-traverse: "npm:^1.0.0"
    require-from-string: "npm:^2.0.2"
  checksum: 10c0/ec3ba10a573c6b60f94639ffc53526275917a2df6810e4ab5a6b959d87459f9ef3f00d5e7865b82677cb7d21590355b34da14d1d0b9c32d75f95a187e76fff35
  languageName: node
  linkType: hard

"ansi-styles@npm:^4.1.0":
  version: 4.3.0
  resolution: "ansi-styles@npm:4.3.0"
  dependencies:
    color-convert: "npm:^2.0.1"
  checksum: 10c0/895a23929da416f2bd3de7e9cb4eabd340949328ab85ddd6e484a637d8f6820d485f53933446f5291c3b760cbc488beb8e88573dd0f9c7daf83dccc8fe81b041
  languageName: node
  linkType: hard

"braces@npm:^3.0.3":
  version: 3.0.3
  resolution: "braces@npm:3.0.3"
  dependencies:
    fill-range: "npm:^7.1.1"
  checksum: 10c0/7c6dfd30c338d2997ba77500539227b9d1f85e388a5f43220865201e407e076783d0881f2d297b9f80951b4c957fcf0b51c1d2d24227631643c3f7c284b0aa04
  languageName: node
  linkType: hard

"browserslist@npm:^4.24.0":
  version: 4.24.4
  resolution: "browserslist@npm:4.24.4"
  dependencies:
    caniuse-lite: "npm:^1.0.30001688"
    electron-to-chromium: "npm:^1.5.73"
    node-releases: "npm:^2.0.19"
    update-browserslist-db: "npm:^1.1.1"
  bin:
    browserslist: cli.js
  checksum: 10c0/db7ebc1733cf471e0b490b4f47e3e2ea2947ce417192c9246644e92c667dd56a71406cc58f62ca7587caf828364892e9952904a02b7aead752bc65b62a37cfe9
  languageName: node
  linkType: hard

"buffer-from@npm:^1.0.0":
  version: 1.1.2
  resolution: "buffer-from@npm:1.1.2"
  checksum: 10c0/124fff9d66d691a86d3b062eff4663fe437a9d9ee4b47b1b9e97f5a5d14f6d5399345db80f796827be7c95e70a8e765dd404b7c3ff3b3324f98e9b0c8826cc34
  languageName: node
  linkType: hard

"caniuse-lite@npm:^1.0.30001688":
  version: 1.0.30001706
  resolution: "caniuse-lite@npm:1.0.30001706"
  checksum: 10c0/b502d0a509611fd5b009e1123d482e983696984b6b749c3f485fd8d02cc58376c59cf0bb15f22fa2d337da104970edd27dd525d4663cebc728e26ac4adedff0d
  languageName: node
  linkType: hard

"chalk@npm:^4.1.0":
  version: 4.1.2
  resolution: "chalk@npm:4.1.2"
  dependencies:
    ansi-styles: "npm:^4.1.0"
    supports-color: "npm:^7.1.0"
  checksum: 10c0/4a3fef5cc34975c898ffe77141450f679721df9dde00f6c304353fa9c8b571929123b26a0e4617bde5018977eb655b31970c297b91b63ee83bb82aeb04666880
  languageName: node
  linkType: hard

"chrome-trace-event@npm:^1.0.2":
  version: 1.0.4
  resolution: "chrome-trace-event@npm:1.0.4"
  checksum: 10c0/3058da7a5f4934b87cf6a90ef5fb68ebc5f7d06f143ed5a4650208e5d7acae47bc03ec844b29fbf5ba7e46e8daa6acecc878f7983a4f4bb7271593da91e61ff5
  languageName: node
  linkType: hard

"color-convert@npm:^2.0.1":
  version: 2.0.1
  resolution: "color-convert@npm:2.0.1"
  dependencies:
    color-name: "npm:~1.1.4"
  checksum: 10c0/37e1150172f2e311fe1b2df62c6293a342ee7380da7b9cfdba67ea539909afbd74da27033208d01d6d5cfc65ee7868a22e18d7e7648e004425441c0f8a15a7d7
  languageName: node
  linkType: hard

"color-name@npm:~1.1.4":
  version: 1.1.4
  resolution: "color-name@npm:1.1.4"
  checksum: 10c0/a1a3f914156960902f46f7f56bc62effc6c94e84b2cae157a526b1c1f74b677a47ec602bf68a61abfa2b42d15b7c5651c6dbe72a43af720bc588dff885b10f95
  languageName: node
  linkType: hard

"commander@npm:^2.20.0":
  version: 2.20.3
  resolution: "commander@npm:2.20.3"
  checksum: 10c0/74c781a5248c2402a0a3e966a0a2bba3c054aad144f5c023364be83265e796b20565aa9feff624132ff629aa64e16999fa40a743c10c12f7c61e96a794b99288
  languageName: node
  linkType: hard

"electron-to-chromium@npm:^1.5.73":
  version: 1.5.120
  resolution: "electron-to-chromium@npm:1.5.120"
  checksum: 10c0/807c88e912748665a1eacd356672df88ce1ee4e6476c2bef084ee9e7ba184d7a94512a5f98218ab6deab920e78cbaec40f6cba75277c381fcc294e538a25d06d
  languageName: node
  linkType: hard

"enhanced-resolve@npm:^5.0.0, enhanced-resolve@npm:^5.17.1":
  version: 5.18.1
  resolution: "enhanced-resolve@npm:5.18.1"
  dependencies:
    graceful-fs: "npm:^4.2.4"
    tapable: "npm:^2.2.0"
  checksum: 10c0/4cffd9b125225184e2abed9fdf0ed3dbd2224c873b165d0838fd066cde32e0918626cba2f1f4bf6860762f13a7e2364fd89a82b99566be2873d813573ac71846
  languageName: node
  linkType: hard

"es-module-lexer@npm:^1.2.1":
  version: 1.6.0
  resolution: "es-module-lexer@npm:1.6.0"
  checksum: 10c0/667309454411c0b95c476025929881e71400d74a746ffa1ff4cb450bd87f8e33e8eef7854d68e401895039ac0bac64e7809acbebb6253e055dd49ea9e3ea9212
  languageName: node
  linkType: hard

"escalade@npm:^3.2.0":
  version: 3.2.0
  resolution: "escalade@npm:3.2.0"
  checksum: 10c0/ced4dd3a78e15897ed3be74e635110bbf3b08877b0a41be50dcb325ee0e0b5f65fc2d50e9845194d7c4633f327e2e1c6cce00a71b617c5673df0374201d67f65
  languageName: node
  linkType: hard

"eslint-scope@npm:5.1.1":
  version: 5.1.1
  resolution: "eslint-scope@npm:5.1.1"
  dependencies:
    esrecurse: "npm:^4.3.0"
    estraverse: "npm:^4.1.1"
  checksum: 10c0/d30ef9dc1c1cbdece34db1539a4933fe3f9b14e1ffb27ecc85987902ee663ad7c9473bbd49a9a03195a373741e62e2f807c4938992e019b511993d163450e70a
  languageName: node
  linkType: hard

"esrecurse@npm:^4.3.0":
  version: 4.3.0
  resolution: "esrecurse@npm:4.3.0"
  dependencies:
    estraverse: "npm:^5.2.0"
  checksum: 10c0/81a37116d1408ded88ada45b9fb16dbd26fba3aadc369ce50fcaf82a0bac12772ebd7b24cd7b91fc66786bf2c1ac7b5f196bc990a473efff972f5cb338877cf5
  languageName: node
  linkType: hard

"estraverse@npm:^4.1.1":
  version: 4.3.0
  resolution: "estraverse@npm:4.3.0"
  checksum: 10c0/9cb46463ef8a8a4905d3708a652d60122a0c20bb58dec7e0e12ab0e7235123d74214fc0141d743c381813e1b992767e2708194f6f6e0f9fd00c1b4e0887b8b6d
  languageName: node
  linkType: hard

"estraverse@npm:^5.2.0":
  version: 5.3.0
  resolution: "estraverse@npm:5.3.0"
  checksum: 10c0/1ff9447b96263dec95d6d67431c5e0771eb9776427421260a3e2f0fdd5d6bd4f8e37a7338f5ad2880c9f143450c9b1e4fc2069060724570a49cf9cf0312bd107
  languageName: node
  linkType: hard

"events@npm:^3.2.0":
  version: 3.3.0
  resolution: "events@npm:3.3.0"
  checksum: 10c0/d6b6f2adbccbcda74ddbab52ed07db727ef52e31a61ed26db9feb7dc62af7fc8e060defa65e5f8af9449b86b52cc1a1f6a79f2eafcf4e62add2b7a1fa4a432f6
  languageName: node
  linkType: hard

"fast-deep-equal@npm:^3.1.3":
  version: 3.1.3
  resolution: "fast-deep-equal@npm:3.1.3"
  checksum: 10c0/40dedc862eb8992c54579c66d914635afbec43350afbbe991235fdcb4e3a8d5af1b23ae7e79bef7d4882d0ecee06c3197488026998fb19f72dc95acff1d1b1d0
  languageName: node
  linkType: hard

"fast-uri@npm:^3.0.1":
  version: 3.0.6
  resolution: "fast-uri@npm:3.0.6"
  checksum: 10c0/74a513c2af0584448aee71ce56005185f81239eab7a2343110e5bad50c39ad4fb19c5a6f99783ead1cac7ccaf3461a6034fda89fffa2b30b6d99b9f21c2f9d29
  languageName: node
  linkType: hard

"fill-range@npm:^7.1.1":
  version: 7.1.1
  resolution: "fill-range@npm:7.1.1"
  dependencies:
    to-regex-range: "npm:^5.0.1"
  checksum: 10c0/b75b691bbe065472f38824f694c2f7449d7f5004aa950426a2c28f0306c60db9b880c0b0e4ed819997ffb882d1da02cfcfc819bddc94d71627f5269682edf018
  languageName: node
  linkType: hard

"glob-to-regexp@npm:^0.4.1":
  version: 0.4.1
  resolution: "glob-to-regexp@npm:0.4.1"
  checksum: 10c0/0486925072d7a916f052842772b61c3e86247f0a80cc0deb9b5a3e8a1a9faad5b04fb6f58986a09f34d3e96cd2a22a24b7e9882fb1cf904c31e9a310de96c429
  languageName: node
  linkType: hard

"graceful-fs@npm:^4.1.2, graceful-fs@npm:^4.2.11, graceful-fs@npm:^4.2.4":
  version: 4.2.11
  resolution: "graceful-fs@npm:4.2.11"
  checksum: 10c0/386d011a553e02bc594ac2ca0bd6d9e4c22d7fa8cfbfc448a6d148c59ea881b092db9dbe3547ae4b88e55f1b01f7c4a2ecc53b310c042793e63aa44cf6c257f2
  languageName: node
  linkType: hard

"has-flag@npm:^4.0.0":
  version: 4.0.0
  resolution: "has-flag@npm:4.0.0"
  checksum: 10c0/2e789c61b7888d66993e14e8331449e525ef42aac53c627cc53d1c3334e768bcb6abdc4f5f0de1478a25beec6f0bd62c7549058b7ac53e924040d4f301f02fd1
  languageName: node
  linkType: hard

"is-number@npm:^7.0.0":
  version: 7.0.0
  resolution: "is-number@npm:7.0.0"
  checksum: 10c0/b4686d0d3053146095ccd45346461bc8e53b80aeb7671cc52a4de02dbbf7dc0d1d2a986e2fe4ae206984b4d34ef37e8b795ebc4f4295c978373e6575e295d811
  languageName: node
  linkType: hard

"jest-worker@npm:^27.4.5":
  version: 27.5.1
  resolution: "jest-worker@npm:27.5.1"
  dependencies:
    "@types/node": "npm:*"
    merge-stream: "npm:^2.0.0"
    supports-color: "npm:^8.0.0"
  checksum: 10c0/8c4737ffd03887b3c6768e4cc3ca0269c0336c1e4b1b120943958ddb035ed2a0fc6acab6dc99631720a3720af4e708ff84fb45382ad1e83c27946adf3623969b
  languageName: node
  linkType: hard

"json-parse-even-better-errors@npm:^2.3.1":
  version: 2.3.1
  resolution: "json-parse-even-better-errors@npm:2.3.1"
  checksum: 10c0/140932564c8f0b88455432e0f33c4cb4086b8868e37524e07e723f4eaedb9425bdc2bafd71bd1d9765bd15fd1e2d126972bc83990f55c467168c228c24d665f3
  languageName: node
  linkType: hard

"json-schema-traverse@npm:^1.0.0":
  version: 1.0.0
  resolution: "json-schema-traverse@npm:1.0.0"
  checksum: 10c0/71e30015d7f3d6dc1c316d6298047c8ef98a06d31ad064919976583eb61e1018a60a0067338f0f79cabc00d84af3fcc489bd48ce8a46ea165d9541ba17fb30c6
  languageName: node
  linkType: hard

"loader-runner@npm:^4.2.0":
  version: 4.3.0
  resolution: "loader-runner@npm:4.3.0"
  checksum: 10c0/a44d78aae0907a72f73966fe8b82d1439c8c485238bd5a864b1b9a2a3257832effa858790241e6b37876b5446a78889adf2fcc8dd897ce54c089ecc0a0ce0bf0
  languageName: node
  linkType: hard

"merge-stream@npm:^2.0.0":
  version: 2.0.0
  resolution: "merge-stream@npm:2.0.0"
  checksum: 10c0/867fdbb30a6d58b011449b8885601ec1690c3e41c759ecd5a9d609094f7aed0096c37823ff4a7190ef0b8f22cc86beb7049196ff68c016e3b3c671d0dac91ce5
  languageName: node
  linkType: hard

"micromatch@npm:^4.0.0":
  version: 4.0.8
  resolution: "micromatch@npm:4.0.8"
  dependencies:
    braces: "npm:^3.0.3"
    picomatch: "npm:^2.3.1"
  checksum: 10c0/166fa6eb926b9553f32ef81f5f531d27b4ce7da60e5baf8c021d043b27a388fb95e46a8038d5045877881e673f8134122b59624d5cecbd16eb50a42e7a6b5ca8
  languageName: node
  linkType: hard

"mime-db@npm:1.52.0":
  version: 1.52.0
  resolution: "mime-db@npm:1.52.0"
  checksum: 10c0/0557a01deebf45ac5f5777fe7740b2a5c309c6d62d40ceab4e23da9f821899ce7a900b7ac8157d4548ddbb7beffe9abc621250e6d182b0397ec7f10c7b91a5aa
  languageName: node
  linkType: hard

"mime-types@npm:^2.1.27":
  version: 2.1.35
  resolution: "mime-types@npm:2.1.35"
  dependencies:
    mime-db: "npm:1.52.0"
  checksum: 10c0/82fb07ec56d8ff1fc999a84f2f217aa46cb6ed1033fefaabd5785b9a974ed225c90dc72fff460259e66b95b73648596dbcc50d51ed69cdf464af2d237d3149b2
  languageName: node
  linkType: hard

"neo-async@npm:^2.6.2":
  version: 2.6.2
  resolution: "neo-async@npm:2.6.2"
  checksum: 10c0/c2f5a604a54a8ec5438a342e1f356dff4bc33ccccdb6dc668d94fe8e5eccfc9d2c2eea6064b0967a767ba63b33763f51ccf2cd2441b461a7322656c1f06b3f5d
  languageName: node
  linkType: hard

"node-releases@npm:^2.0.19":
  version: 2.0.19
  resolution: "node-releases@npm:2.0.19"
  checksum: 10c0/52a0dbd25ccf545892670d1551690fe0facb6a471e15f2cfa1b20142a5b255b3aa254af5f59d6ecb69c2bec7390bc643c43aa63b13bf5e64b6075952e716b1aa
  languageName: node
  linkType: hard

"picocolors@npm:^1.1.1":
  version: 1.1.1
  resolution: "picocolors@npm:1.1.1"
  checksum: 10c0/e2e3e8170ab9d7c7421969adaa7e1b31434f789afb9b3f115f6b96d91945041ac3ceb02e9ec6fe6510ff036bcc0bf91e69a1772edc0b707e12b19c0f2d6bcf58
  languageName: node
  linkType: hard

"picomatch@npm:^2.3.1":
  version: 2.3.1
  resolution: "picomatch@npm:2.3.1"
  checksum: 10c0/26c02b8d06f03206fc2ab8d16f19960f2ff9e81a658f831ecb656d8f17d9edc799e8364b1f4a7873e89d9702dff96204be0fa26fe4181f6843f040f819dac4be
  languageName: node
  linkType: hard

"randombytes@npm:^2.1.0":
  version: 2.1.0
  resolution: "randombytes@npm:2.1.0"
  dependencies:
    safe-buffer: "npm:^5.1.0"
  checksum: 10c0/50395efda7a8c94f5dffab564f9ff89736064d32addf0cc7e8bf5e4166f09f8ded7a0849ca6c2d2a59478f7d90f78f20d8048bca3cdf8be09d8e8a10790388f3
  languageName: node
  linkType: hard

"react-app@workspace:.":
  version: 0.0.0-use.local
  resolution: "react-app@workspace:."
  dependencies:
    "@datadog/browser-rum": "file:../../../packages/rum/package.tgz"
    "@datadog/browser-rum-react": "file:../../../packages/rum-react/package.tgz"
    react: "npm:19.1.0"
    react-dom: "npm:19.1.0"
    react-router-dom: "npm:6.30.0"
    ts-loader: "npm:^9.5.2"
    typescript: "npm:^5.8.2"
    webpack: "npm:5.98.0"
  languageName: unknown
  linkType: soft

"react-dom@npm:19.1.0":
  version: 19.1.0
  resolution: "react-dom@npm:19.1.0"
  dependencies:
    scheduler: "npm:^0.26.0"
  peerDependencies:
    react: ^19.1.0
  checksum: 10c0/3e26e89bb6c67c9a6aa86cb888c7a7f8258f2e347a6d2a15299c17eb16e04c19194e3452bc3255bd34000a61e45e2cb51e46292392340432f133e5a5d2dfb5fc
  languageName: node
  linkType: hard

"react-router-dom@npm:6.30.0":
  version: 6.30.0
  resolution: "react-router-dom@npm:6.30.0"
  dependencies:
    "@remix-run/router": "npm:1.23.0"
    react-router: "npm:6.30.0"
  peerDependencies:
    react: ">=16.8"
    react-dom: ">=16.8"
  checksum: 10c0/262954ba894d6a241ceda5f61098f7d6a292d0018a6ebb9c9c67425b7deb6e59b6191a9233a03d38e287e60f7ac3702e9e84c8e20b39a6487698fe088b71e27a
  languageName: node
  linkType: hard

"react-router@npm:6.30.0":
  version: 6.30.0
  resolution: "react-router@npm:6.30.0"
  dependencies:
    "@remix-run/router": "npm:1.23.0"
  peerDependencies:
    react: ">=16.8"
  checksum: 10c0/e6f20cf5c47ec057a057a4cfb9a55983d0a5b4b3314d20e07f0a70e59e004f51778d4dac415aee1e4e64db69cc4cd72e5acf8fd60dcf07d909895b8863b0b023
  languageName: node
  linkType: hard

"react@npm:19.1.0":
  version: 19.1.0
  resolution: "react@npm:19.1.0"
  checksum: 10c0/530fb9a62237d54137a13d2cfb67a7db6a2156faed43eecc423f4713d9b20c6f2728b026b45e28fcd72e8eadb9e9ed4b089e99f5e295d2f0ad3134251bdd3698
  languageName: node
  linkType: hard

"require-from-string@npm:^2.0.2":
  version: 2.0.2
  resolution: "require-from-string@npm:2.0.2"
  checksum: 10c0/aaa267e0c5b022fc5fd4eef49d8285086b15f2a1c54b28240fdf03599cbd9c26049fee3eab894f2e1f6ca65e513b030a7c264201e3f005601e80c49fb2937ce2
  languageName: node
  linkType: hard

"safe-buffer@npm:^5.1.0":
  version: 5.2.1
  resolution: "safe-buffer@npm:5.2.1"
  checksum: 10c0/6501914237c0a86e9675d4e51d89ca3c21ffd6a31642efeba25ad65720bce6921c9e7e974e5be91a786b25aa058b5303285d3c15dbabf983a919f5f630d349f3
  languageName: node
  linkType: hard

"scheduler@npm:^0.26.0":
  version: 0.26.0
  resolution: "scheduler@npm:0.26.0"
  checksum: 10c0/5b8d5bfddaae3513410eda54f2268e98a376a429931921a81b5c3a2873aab7ca4d775a8caac5498f8cbc7d0daeab947cf923dbd8e215d61671f9f4e392d34356
  languageName: node
  linkType: hard

"schema-utils@npm:^4.3.0":
  version: 4.3.0
  resolution: "schema-utils@npm:4.3.0"
  dependencies:
    "@types/json-schema": "npm:^7.0.9"
    ajv: "npm:^8.9.0"
    ajv-formats: "npm:^2.1.1"
    ajv-keywords: "npm:^5.1.0"
  checksum: 10c0/c23f0fa73ef71a01d4a2bb7af4c91e0d356ec640e071aa2d06ea5e67f042962bb7ac7c29a60a295bb0125878801bc3209197a2b8a833dd25bd38e37c3ed21427
  languageName: node
  linkType: hard

"semver@npm:^7.3.4":
  version: 7.7.1
  resolution: "semver@npm:7.7.1"
  bin:
    semver: bin/semver.js
  checksum: 10c0/fd603a6fb9c399c6054015433051bdbe7b99a940a8fb44b85c2b524c4004b023d7928d47cb22154f8d054ea7ee8597f586605e05b52047f048278e4ac56ae958
  languageName: node
  linkType: hard

"serialize-javascript@npm:^6.0.2":
  version: 6.0.2
  resolution: "serialize-javascript@npm:6.0.2"
  dependencies:
    randombytes: "npm:^2.1.0"
  checksum: 10c0/2dd09ef4b65a1289ba24a788b1423a035581bef60817bea1f01eda8e3bda623f86357665fe7ac1b50f6d4f583f97db9615b3f07b2a2e8cbcb75033965f771dd2
  languageName: node
  linkType: hard

"source-map-support@npm:~0.5.20":
  version: 0.5.21
  resolution: "source-map-support@npm:0.5.21"
  dependencies:
    buffer-from: "npm:^1.0.0"
    source-map: "npm:^0.6.0"
  checksum: 10c0/9ee09942f415e0f721d6daad3917ec1516af746a8120bba7bb56278707a37f1eb8642bde456e98454b8a885023af81a16e646869975f06afc1a711fb90484e7d
  languageName: node
  linkType: hard

"source-map@npm:^0.6.0":
  version: 0.6.1
  resolution: "source-map@npm:0.6.1"
  checksum: 10c0/ab55398007c5e5532957cb0beee2368529618ac0ab372d789806f5718123cc4367d57de3904b4e6a4170eb5a0b0f41373066d02ca0735a0c4d75c7d328d3e011
  languageName: node
  linkType: hard

"source-map@npm:^0.7.4":
  version: 0.7.4
  resolution: "source-map@npm:0.7.4"
  checksum: 10c0/dc0cf3768fe23c345ea8760487f8c97ef6fca8a73c83cd7c9bf2fde8bc2c34adb9c0824d6feb14bc4f9e37fb522e18af621543f1289038a66ac7586da29aa7dc
  languageName: node
  linkType: hard

"supports-color@npm:^7.1.0":
  version: 7.2.0
  resolution: "supports-color@npm:7.2.0"
  dependencies:
    has-flag: "npm:^4.0.0"
  checksum: 10c0/afb4c88521b8b136b5f5f95160c98dee7243dc79d5432db7efc27efb219385bbc7d9427398e43dd6cc730a0f87d5085ce1652af7efbe391327bc0a7d0f7fc124
  languageName: node
  linkType: hard

"supports-color@npm:^8.0.0":
  version: 8.1.1
  resolution: "supports-color@npm:8.1.1"
  dependencies:
    has-flag: "npm:^4.0.0"
  checksum: 10c0/ea1d3c275dd604c974670f63943ed9bd83623edc102430c05adb8efc56ba492746b6e95386e7831b872ec3807fd89dd8eb43f735195f37b5ec343e4234cc7e89
  languageName: node
  linkType: hard

"tapable@npm:^2.1.1, tapable@npm:^2.2.0":
  version: 2.2.1
  resolution: "tapable@npm:2.2.1"
  checksum: 10c0/bc40e6efe1e554d075469cedaba69a30eeb373552aaf41caeaaa45bf56ffacc2674261b106245bd566b35d8f3329b52d838e851ee0a852120acae26e622925c9
  languageName: node
  linkType: hard

"terser-webpack-plugin@npm:^5.3.11":
  version: 5.3.14
  resolution: "terser-webpack-plugin@npm:5.3.14"
  dependencies:
    "@jridgewell/trace-mapping": "npm:^0.3.25"
    jest-worker: "npm:^27.4.5"
    schema-utils: "npm:^4.3.0"
    serialize-javascript: "npm:^6.0.2"
    terser: "npm:^5.31.1"
  peerDependencies:
    webpack: ^5.1.0
  peerDependenciesMeta:
    "@swc/core":
      optional: true
    esbuild:
      optional: true
    uglify-js:
      optional: true
  checksum: 10c0/9b060947241af43bd6fd728456f60e646186aef492163672a35ad49be6fbc7f63b54a7356c3f6ff40a8f83f00a977edc26f044b8e106cc611c053c8c0eaf8569
  languageName: node
  linkType: hard

"terser@npm:^5.31.1":
  version: 5.39.0
  resolution: "terser@npm:5.39.0"
  dependencies:
    "@jridgewell/source-map": "npm:^0.3.3"
    acorn: "npm:^8.8.2"
    commander: "npm:^2.20.0"
    source-map-support: "npm:~0.5.20"
  bin:
    terser: bin/terser
  checksum: 10c0/83326545ea1aecd6261030568b6191ccfa4cb6aa61d9ea41746a52479f50017a78b77e4725fbbc207c5df841ffa66a773c5ac33636e95c7ab94fe7e0379ae5c7
  languageName: node
  linkType: hard

"to-regex-range@npm:^5.0.1":
  version: 5.0.1
  resolution: "to-regex-range@npm:5.0.1"
  dependencies:
    is-number: "npm:^7.0.0"
  checksum: 10c0/487988b0a19c654ff3e1961b87f471702e708fa8a8dd02a298ef16da7206692e8552a0250e8b3e8759270f62e9d8314616f6da274734d3b558b1fc7b7724e892
  languageName: node
  linkType: hard

"ts-loader@npm:^9.5.2":
  version: 9.5.2
  resolution: "ts-loader@npm:9.5.2"
  dependencies:
    chalk: "npm:^4.1.0"
    enhanced-resolve: "npm:^5.0.0"
    micromatch: "npm:^4.0.0"
    semver: "npm:^7.3.4"
    source-map: "npm:^0.7.4"
  peerDependencies:
    typescript: "*"
    webpack: ^5.0.0
  checksum: 10c0/d4f4e67f1365a8c4a929d26148611b6a82a9241bd988863386c9cc0c034eec8b14562206e09540fae38154595e0b3b9520b701b5c83c0e5d743c4016cd91d9f1
  languageName: node
  linkType: hard

"typescript@npm:^5.8.2":
  version: 5.8.2
  resolution: "typescript@npm:5.8.2"
  bin:
    tsc: bin/tsc
    tsserver: bin/tsserver
  checksum: 10c0/5c4f6fbf1c6389b6928fe7b8fcd5dc73bb2d58cd4e3883f1d774ed5bd83b151cbac6b7ecf11723de56d4676daeba8713894b1e9af56174f2f9780ae7848ec3c6
  languageName: node
  linkType: hard

"typescript@patch:typescript@npm%3A^5.8.2#optional!builtin<compat/typescript>":
  version: 5.8.2
  resolution: "typescript@patch:typescript@npm%3A5.8.2#optional!builtin<compat/typescript>::version=5.8.2&hash=5786d5"
  bin:
    tsc: bin/tsc
    tsserver: bin/tsserver
  checksum: 10c0/5448a08e595cc558ab321e49d4cac64fb43d1fa106584f6ff9a8d8e592111b373a995a1d5c7f3046211c8a37201eb6d0f1566f15cdb7a62a5e3be01d087848e2
  languageName: node
  linkType: hard

"undici-types@npm:~6.20.0":
  version: 6.20.0
  resolution: "undici-types@npm:6.20.0"
  checksum: 10c0/68e659a98898d6a836a9a59e6adf14a5d799707f5ea629433e025ac90d239f75e408e2e5ff086afc3cace26f8b26ee52155293564593fbb4a2f666af57fc59bf
  languageName: node
  linkType: hard

"update-browserslist-db@npm:^1.1.1":
  version: 1.1.3
  resolution: "update-browserslist-db@npm:1.1.3"
  dependencies:
    escalade: "npm:^3.2.0"
    picocolors: "npm:^1.1.1"
  peerDependencies:
    browserslist: ">= 4.21.0"
  bin:
    update-browserslist-db: cli.js
  checksum: 10c0/682e8ecbf9de474a626f6462aa85927936cdd256fe584c6df2508b0df9f7362c44c957e9970df55dfe44d3623807d26316ea2c7d26b80bb76a16c56c37233c32
  languageName: node
  linkType: hard

"watchpack@npm:^2.4.1":
  version: 2.4.2
  resolution: "watchpack@npm:2.4.2"
  dependencies:
    glob-to-regexp: "npm:^0.4.1"
    graceful-fs: "npm:^4.1.2"
  checksum: 10c0/ec60a5f0e9efaeca0102fd9126346b3b2d523e01c34030d3fddf5813a7125765121ebdc2552981136dcd2c852deb1af0b39340f2fcc235f292db5399d0283577
  languageName: node
  linkType: hard

"webpack-sources@npm:^3.2.3":
  version: 3.2.3
  resolution: "webpack-sources@npm:3.2.3"
  checksum: 10c0/2ef63d77c4fad39de4a6db17323d75eb92897b32674e97d76f0a1e87c003882fc038571266ad0ef581ac734cbe20952912aaa26155f1905e96ce251adbb1eb4e
  languageName: node
  linkType: hard

"webpack@npm:5.98.0":
  version: 5.98.0
  resolution: "webpack@npm:5.98.0"
  dependencies:
    "@types/eslint-scope": "npm:^3.7.7"
    "@types/estree": "npm:^1.0.6"
    "@webassemblyjs/ast": "npm:^1.14.1"
    "@webassemblyjs/wasm-edit": "npm:^1.14.1"
    "@webassemblyjs/wasm-parser": "npm:^1.14.1"
    acorn: "npm:^8.14.0"
    browserslist: "npm:^4.24.0"
    chrome-trace-event: "npm:^1.0.2"
    enhanced-resolve: "npm:^5.17.1"
    es-module-lexer: "npm:^1.2.1"
    eslint-scope: "npm:5.1.1"
    events: "npm:^3.2.0"
    glob-to-regexp: "npm:^0.4.1"
    graceful-fs: "npm:^4.2.11"
    json-parse-even-better-errors: "npm:^2.3.1"
    loader-runner: "npm:^4.2.0"
    mime-types: "npm:^2.1.27"
    neo-async: "npm:^2.6.2"
    schema-utils: "npm:^4.3.0"
    tapable: "npm:^2.1.1"
    terser-webpack-plugin: "npm:^5.3.11"
    watchpack: "npm:^2.4.1"
    webpack-sources: "npm:^3.2.3"
  peerDependenciesMeta:
    webpack-cli:
      optional: true
  bin:
    webpack: bin/webpack.js
  checksum: 10c0/bee4fa77f444802f0beafb2ff30eb5454a606163ad7d3cc9a5dcc9d24033c62407bed04601b25dea49ea3969b352c1b530a86c753246f42560a4a084eefb094e
  languageName: node
  linkType: hard
