# This file is generated by running "yarn install" inside your project.
# Manual changes might be lost - proceed with caution!

__metadata:
  version: 10
  cacheKey: 10c0

"@emnapi/runtime@npm:^1.7.0":
  version: 1.11.2
  resolution: "@emnapi/runtime@npm:1.11.2"
  dependencies:
    tslib: "npm:^2.4.0"
  checksum: 10c0/d8d500059fe9c0864571c79ce29439c1b6fb44d7ec4ac865a2aaaa7469194e5d91ebdc820cabd37c3d373478b725a8b60771733e4743cfef41fc86d9a1f2eab0
  languageName: node
  linkType: hard

"@img/colour@npm:^1.0.0":
  version: 1.1.0
  resolution: "@img/colour@npm:1.1.0"
  checksum: 10c0/2ebea2c0bbaee73b99badcefa04e1e71d83f36e5369337d3121dca841f4569533c4e2faddda6d62dd247f0d5cca143711f9446c59bcce81e427ba433a7a94a17
  languageName: node
  linkType: hard

"@img/sharp-darwin-arm64@npm:0.34.5":
  version: 0.34.5
  resolution: "@img/sharp-darwin-arm64@npm:0.34.5"
  dependencies:
    "@img/sharp-libvips-darwin-arm64": "npm:1.2.4"
  dependenciesMeta:
    "@img/sharp-libvips-darwin-arm64":
      optional: true
  conditions: os=darwin & cpu=arm64
  languageName: node
  linkType: hard

"@img/sharp-darwin-x64@npm:0.34.5":
  version: 0.34.5
  resolution: "@img/sharp-darwin-x64@npm:0.34.5"
  dependencies:
    "@img/sharp-libvips-darwin-x64": "npm:1.2.4"
  dependenciesMeta:
    "@img/sharp-libvips-darwin-x64":
      optional: true
  conditions: os=darwin & cpu=x64
  languageName: node
  linkType: hard

"@img/sharp-libvips-darwin-arm64@npm:1.2.4":
  version: 1.2.4
  resolution: "@img/sharp-libvips-darwin-arm64@npm:1.2.4"
  conditions: os=darwin & cpu=arm64
  languageName: node
  linkType: hard

"@img/sharp-libvips-darwin-x64@npm:1.2.4":
  version: 1.2.4
  resolution: "@img/sharp-libvips-darwin-x64@npm:1.2.4"
  conditions: os=darwin & cpu=x64
  languageName: node
  linkType: hard

"@img/sharp-libvips-linux-arm64@npm:1.2.4":
  version: 1.2.4
  resolution: "@img/sharp-libvips-linux-arm64@npm:1.2.4"
  conditions: os=linux & cpu=arm64 & libc=glibc
  languageName: node
  linkType: hard

"@img/sharp-libvips-linux-arm@npm:1.2.4":
  version: 1.2.4
  resolution: "@img/sharp-libvips-linux-arm@npm:1.2.4"
  conditions: os=linux & cpu=arm & libc=glibc
  languageName: node
  linkType: hard

"@img/sharp-libvips-linux-ppc64@npm:1.2.4":
  version: 1.2.4
  resolution: "@img/sharp-libvips-linux-ppc64@npm:1.2.4"
  conditions: os=linux & cpu=ppc64 & libc=glibc
  languageName: node
  linkType: hard

"@img/sharp-libvips-linux-riscv64@npm:1.2.4":
  version: 1.2.4
  resolution: "@img/sharp-libvips-linux-riscv64@npm:1.2.4"
  conditions: os=linux & cpu=riscv64 & libc=glibc
  languageName: node
  linkType: hard

"@img/sharp-libvips-linux-s390x@npm:1.2.4":
  version: 1.2.4
  resolution: "@img/sharp-libvips-linux-s390x@npm:1.2.4"
  conditions: os=linux & cpu=s390x & libc=glibc
  languageName: node
  linkType: hard

"@img/sharp-libvips-linux-x64@npm:1.2.4":
  version: 1.2.4
  resolution: "@img/sharp-libvips-linux-x64@npm:1.2.4"
  conditions: os=linux & cpu=x64 & libc=glibc
  languageName: node
  linkType: hard

"@img/sharp-libvips-linuxmusl-arm64@npm:1.2.4":
  version: 1.2.4
  resolution: "@img/sharp-libvips-linuxmusl-arm64@npm:1.2.4"
  conditions: os=linux & cpu=arm64 & libc=musl
  languageName: node
  linkType: hard

"@img/sharp-libvips-linuxmusl-x64@npm:1.2.4":
  version: 1.2.4
  resolution: "@img/sharp-libvips-linuxmusl-x64@npm:1.2.4"
  conditions: os=linux & cpu=x64 & libc=musl
  languageName: node
  linkType: hard

"@img/sharp-linux-arm64@npm:0.34.5":
  version: 0.34.5
  resolution: "@img/sharp-linux-arm64@npm:0.34.5"
  dependencies:
    "@img/sharp-libvips-linux-arm64": "npm:1.2.4"
  dependenciesMeta:
    "@img/sharp-libvips-linux-arm64":
      optional: true
  conditions: os=linux & cpu=arm64 & libc=glibc
  languageName: node
  linkType: hard

"@img/sharp-linux-arm@npm:0.34.5":
  version: 0.34.5
  resolution: "@img/sharp-linux-arm@npm:0.34.5"
  dependencies:
    "@img/sharp-libvips-linux-arm": "npm:1.2.4"
  dependenciesMeta:
    "@img/sharp-libvips-linux-arm":
      optional: true
  conditions: os=linux & cpu=arm & libc=glibc
  languageName: node
  linkType: hard

"@img/sharp-linux-ppc64@npm:0.34.5":
  version: 0.34.5
  resolution: "@img/sharp-linux-ppc64@npm:0.34.5"
  dependencies:
    "@img/sharp-libvips-linux-ppc64": "npm:1.2.4"
  dependenciesMeta:
    "@img/sharp-libvips-linux-ppc64":
      optional: true
  conditions: os=linux & cpu=ppc64 & libc=glibc
  languageName: node
  linkType: hard

"@img/sharp-linux-riscv64@npm:0.34.5":
  version: 0.34.5
  resolution: "@img/sharp-linux-riscv64@npm:0.34.5"
  dependencies:
    "@img/sharp-libvips-linux-riscv64": "npm:1.2.4"
  dependenciesMeta:
    "@img/sharp-libvips-linux-riscv64":
      optional: true
  conditions: os=linux & cpu=riscv64 & libc=glibc
  languageName: node
  linkType: hard

"@img/sharp-linux-s390x@npm:0.34.5":
  version: 0.34.5
  resolution: "@img/sharp-linux-s390x@npm:0.34.5"
  dependencies:
    "@img/sharp-libvips-linux-s390x": "npm:1.2.4"
  dependenciesMeta:
    "@img/sharp-libvips-linux-s390x":
      optional: true
  conditions: os=linux & cpu=s390x & libc=glibc
  languageName: node
  linkType: hard

"@img/sharp-linux-x64@npm:0.34.5":
  version: 0.34.5
  resolution: "@img/sharp-linux-x64@npm:0.34.5"
  dependencies:
    "@img/sharp-libvips-linux-x64": "npm:1.2.4"
  dependenciesMeta:
    "@img/sharp-libvips-linux-x64":
      optional: true
  conditions: os=linux & cpu=x64 & libc=glibc
  languageName: node
  linkType: hard

"@img/sharp-linuxmusl-arm64@npm:0.34.5":
  version: 0.34.5
  resolution: "@img/sharp-linuxmusl-arm64@npm:0.34.5"
  dependencies:
    "@img/sharp-libvips-linuxmusl-arm64": "npm:1.2.4"
  dependenciesMeta:
    "@img/sharp-libvips-linuxmusl-arm64":
      optional: true
  conditions: os=linux & cpu=arm64 & libc=musl
  languageName: node
  linkType: hard

"@img/sharp-linuxmusl-x64@npm:0.34.5":
  version: 0.34.5
  resolution: "@img/sharp-linuxmusl-x64@npm:0.34.5"
  dependencies:
    "@img/sharp-libvips-linuxmusl-x64": "npm:1.2.4"
  dependenciesMeta:
    "@img/sharp-libvips-linuxmusl-x64":
      optional: true
  conditions: os=linux & cpu=x64 & libc=musl
  languageName: node
  linkType: hard

"@img/sharp-wasm32@npm:0.34.5":
  version: 0.34.5
  resolution: "@img/sharp-wasm32@npm:0.34.5"
  dependencies:
    "@emnapi/runtime": "npm:^1.7.0"
  conditions: cpu=wasm32
  languageName: node
  linkType: hard

"@img/sharp-win32-arm64@npm:0.34.5":
  version: 0.34.5
  resolution: "@img/sharp-win32-arm64@npm:0.34.5"
  conditions: os=win32 & cpu=arm64
  languageName: node
  linkType: hard

"@img/sharp-win32-ia32@npm:0.34.5":
  version: 0.34.5
  resolution: "@img/sharp-win32-ia32@npm:0.34.5"
  conditions: os=win32 & cpu=ia32
  languageName: node
  linkType: hard

"@img/sharp-win32-x64@npm:0.34.5":
  version: 0.34.5
  resolution: "@img/sharp-win32-x64@npm:0.34.5"
  conditions: os=win32 & cpu=x64
  languageName: node
  linkType: hard

"@next/env@npm:16.2.10":
  version: 16.2.10
  resolution: "@next/env@npm:16.2.10"
  checksum: 10c0/712d2aaa313e133c86103772015da2393e1d68092b55ac4c8842d5b7205d2152acf2098eaed5137e39979ad0c26dd951e82bc3ab43c2beb33a4f88498051d574
  languageName: node
  linkType: hard

"@next/swc-darwin-arm64@npm:16.2.10":
  version: 16.2.10
  resolution: "@next/swc-darwin-arm64@npm:16.2.10"
  conditions: os=darwin & cpu=arm64
  languageName: node
  linkType: hard

"@next/swc-darwin-x64@npm:16.2.10":
  version: 16.2.10
  resolution: "@next/swc-darwin-x64@npm:16.2.10"
  conditions: os=darwin & cpu=x64
  languageName: node
  linkType: hard

"@next/swc-linux-arm64-gnu@npm:16.2.10":
  version: 16.2.10
  resolution: "@next/swc-linux-arm64-gnu@npm:16.2.10"
  conditions: os=linux & cpu=arm64 & libc=glibc
  languageName: node
  linkType: hard

"@next/swc-linux-arm64-musl@npm:16.2.10":
  version: 16.2.10
  resolution: "@next/swc-linux-arm64-musl@npm:16.2.10"
  conditions: os=linux & cpu=arm64 & libc=musl
  languageName: node
  linkType: hard

"@next/swc-linux-x64-gnu@npm:16.2.10":
  version: 16.2.10
  resolution: "@next/swc-linux-x64-gnu@npm:16.2.10"
  conditions: os=linux & cpu=x64 & libc=glibc
  languageName: node
  linkType: hard

"@next/swc-linux-x64-musl@npm:16.2.10":
  version: 16.2.10
  resolution: "@next/swc-linux-x64-musl@npm:16.2.10"
  conditions: os=linux & cpu=x64 & libc=musl
  languageName: node
  linkType: hard

"@next/swc-win32-arm64-msvc@npm:16.2.10":
  version: 16.2.10
  resolution: "@next/swc-win32-arm64-msvc@npm:16.2.10"
  conditions: os=win32 & cpu=arm64
  languageName: node
  linkType: hard

"@next/swc-win32-x64-msvc@npm:16.2.10":
  version: 16.2.10
  resolution: "@next/swc-win32-x64-msvc@npm:16.2.10"
  conditions: os=win32 & cpu=x64
  languageName: node
  linkType: hard

"@swc/helpers@npm:0.5.15":
  version: 0.5.15
  resolution: "@swc/helpers@npm:0.5.15"
  dependencies:
    tslib: "npm:^2.8.0"
  checksum: 10c0/33002f74f6f885f04c132960835fdfc474186983ea567606db62e86acd0680ca82f34647e8e610f4e1e422d1c16fce729dde22cd3b797ab1fd9061a825dabca4
  languageName: node
  linkType: hard

"@types/node@npm:26.1.0":
  version: 26.1.0
  resolution: "@types/node@npm:26.1.0"
  dependencies:
    undici-types: "npm:~8.3.0"
  checksum: 10c0/61c22ad1ef215e24138cb8b7368fb68bab9de4c123b3f23d411749b015ba1b7d22f878ad54add26a0b69068d7e07c04af665069d8571b6c6c3b9b2fb73b7bd91
  languageName: node
  linkType: hard

"@types/react-dom@npm:19.2.3":
  version: 19.2.3
  resolution: "@types/react-dom@npm:19.2.3"
  peerDependencies:
    "@types/react": ^19.2.0
  checksum: 10c0/b486ebe0f4e2fb35e2e108df1d8fc0927ca5d6002d5771e8a739de11239fe62d0e207c50886185253c99eb9dedfeeb956ea7429e5ba17f6693c7acb4c02f8cd1
  languageName: node
  linkType: hard

"@types/react@npm:19.2.17":
  version: 19.2.17
  resolution: "@types/react@npm:19.2.17"
  dependencies:
    csstype: "npm:^3.2.2"
  checksum: 10c0/bc2c4af96b3e480604424de70d5ebda90c5f4b485df471858c0bc2d7d70364b606ec3c4d8579f94f01aa0c6c0591f56bcf14cba5689f5eea4b74250ccdc3a232
  languageName: node
  linkType: hard

"@typescript/typescript-aix-ppc64@npm:7.0.2":
  version: 7.0.2
  resolution: "@typescript/typescript-aix-ppc64@npm:7.0.2"
  conditions: os=aix & cpu=ppc64
  languageName: node
  linkType: hard

"@typescript/typescript-darwin-arm64@npm:7.0.2":
  version: 7.0.2
  resolution: "@typescript/typescript-darwin-arm64@npm:7.0.2"
  conditions: os=darwin & cpu=arm64
  languageName: node
  linkType: hard

"@typescript/typescript-darwin-x64@npm:7.0.2":
  version: 7.0.2
  resolution: "@typescript/typescript-darwin-x64@npm:7.0.2"
  conditions: os=darwin & cpu=x64
  languageName: node
  linkType: hard

"@typescript/typescript-freebsd-arm64@npm:7.0.2":
  version: 7.0.2
  resolution: "@typescript/typescript-freebsd-arm64@npm:7.0.2"
  conditions: os=freebsd & cpu=arm64
  languageName: node
  linkType: hard

"@typescript/typescript-freebsd-x64@npm:7.0.2":
  version: 7.0.2
  resolution: "@typescript/typescript-freebsd-x64@npm:7.0.2"
  conditions: os=freebsd & cpu=x64
  languageName: node
  linkType: hard

"@typescript/typescript-linux-arm64@npm:7.0.2":
  version: 7.0.2
  resolution: "@typescript/typescript-linux-arm64@npm:7.0.2"
  conditions: os=linux & cpu=arm64
  languageName: node
  linkType: hard

"@typescript/typescript-linux-arm@npm:7.0.2":
  version: 7.0.2
  resolution: "@typescript/typescript-linux-arm@npm:7.0.2"
  conditions: os=linux & cpu=arm
  languageName: node
  linkType: hard

"@typescript/typescript-linux-loong64@npm:7.0.2":
  version: 7.0.2
  resolution: "@typescript/typescript-linux-loong64@npm:7.0.2"
  conditions: os=linux & cpu=loong64
  languageName: node
  linkType: hard

"@typescript/typescript-linux-mips64el@npm:7.0.2":
  version: 7.0.2
  resolution: "@typescript/typescript-linux-mips64el@npm:7.0.2"
  conditions: os=linux & cpu=mips64el
  languageName: node
  linkType: hard

"@typescript/typescript-linux-ppc64@npm:7.0.2":
  version: 7.0.2
  resolution: "@typescript/typescript-linux-ppc64@npm:7.0.2"
  conditions: os=linux & cpu=ppc64
  languageName: node
  linkType: hard

"@typescript/typescript-linux-riscv64@npm:7.0.2":
  version: 7.0.2
  resolution: "@typescript/typescript-linux-riscv64@npm:7.0.2"
  conditions: os=linux & cpu=riscv64
  languageName: node
  linkType: hard

"@typescript/typescript-linux-s390x@npm:7.0.2":
  version: 7.0.2
  resolution: "@typescript/typescript-linux-s390x@npm:7.0.2"
  conditions: os=linux & cpu=s390x
  languageName: node
  linkType: hard

"@typescript/typescript-linux-x64@npm:7.0.2":
  version: 7.0.2
  resolution: "@typescript/typescript-linux-x64@npm:7.0.2"
  conditions: os=linux & cpu=x64
  languageName: node
  linkType: hard

"@typescript/typescript-netbsd-arm64@npm:7.0.2":
  version: 7.0.2
  resolution: "@typescript/typescript-netbsd-arm64@npm:7.0.2"
  conditions: os=netbsd & cpu=arm64
  languageName: node
  linkType: hard

"@typescript/typescript-netbsd-x64@npm:7.0.2":
  version: 7.0.2
  resolution: "@typescript/typescript-netbsd-x64@npm:7.0.2"
  conditions: os=netbsd & cpu=x64
  languageName: node
  linkType: hard

"@typescript/typescript-openbsd-arm64@npm:7.0.2":
  version: 7.0.2
  resolution: "@typescript/typescript-openbsd-arm64@npm:7.0.2"
  conditions: os=openbsd & cpu=arm64
  languageName: node
  linkType: hard

"@typescript/typescript-openbsd-x64@npm:7.0.2":
  version: 7.0.2
  resolution: "@typescript/typescript-openbsd-x64@npm:7.0.2"
  conditions: os=openbsd & cpu=x64
  languageName: node
  linkType: hard

"@typescript/typescript-sunos-x64@npm:7.0.2":
  version: 7.0.2
  resolution: "@typescript/typescript-sunos-x64@npm:7.0.2"
  conditions: os=sunos & cpu=x64
  languageName: node
  linkType: hard

"@typescript/typescript-win32-arm64@npm:7.0.2":
  version: 7.0.2
  resolution: "@typescript/typescript-win32-arm64@npm:7.0.2"
  conditions: os=win32 & cpu=arm64
  languageName: node
  linkType: hard

"@typescript/typescript-win32-x64@npm:7.0.2":
  version: 7.0.2
  resolution: "@typescript/typescript-win32-x64@npm:7.0.2"
  conditions: os=win32 & cpu=x64
  languageName: node
  linkType: hard

"baseline-browser-mapping@npm:^2.9.19":
  version: 2.10.42
  resolution: "baseline-browser-mapping@npm:2.10.42"
  bin:
    baseline-browser-mapping: dist/cli.cjs
  checksum: 10c0/4a9f54818d17d8dbee69096563b2cd5e2175f66752c479f1c10d31e072c1c2b7241a9bdaee78d5236178c581ca2735e75fbb0d0877d6492958eed9f6e46e03f3
  languageName: node
  linkType: hard

"caniuse-lite@npm:^1.0.30001579":
  version: 1.0.30001803
  resolution: "caniuse-lite@npm:1.0.30001803"
  checksum: 10c0/71586e9c84633cf766b208448eb76f860ec6e3befffc626d1f004e1902da063a7ab96cc94d1f4b36c0324e12997b3325a726de3287edfec91d0df495627a1d43
  languageName: node
  linkType: hard

"client-only@npm:0.0.1":
  version: 0.0.1
  resolution: "client-only@npm:0.0.1"
  checksum: 10c0/9d6cfd0c19e1c96a434605added99dff48482152af791ec4172fb912a71cff9027ff174efd8cdb2160cc7f377543e0537ffc462d4f279bc4701de3f2a3c4b358
  languageName: node
  linkType: hard

"csstype@npm:^3.2.2":
  version: 3.2.3
  resolution: "csstype@npm:3.2.3"
  checksum: 10c0/cd29c51e70fa822f1cecd8641a1445bed7063697469d35633b516e60fe8c1bde04b08f6c5b6022136bb669b64c63d4173af54864510fbb4ee23281801841a3ce
  languageName: node
  linkType: hard

"detect-libc@npm:^2.1.2":
  version: 2.1.2
  resolution: "detect-libc@npm:2.1.2"
  checksum: 10c0/acc675c29a5649fa1fb6e255f993b8ee829e510b6b56b0910666949c80c364738833417d0edb5f90e4e46be17228b0f2b66a010513984e18b15deeeac49369c4
  languageName: node
  linkType: hard

"nanoid@npm:^3.3.6":
  version: 3.3.15
  resolution: "nanoid@npm:3.3.15"
  bin:
    nanoid: bin/nanoid.cjs
  checksum: 10c0/e0b12e3a1d361f74150fa4b25631d0ae29f7162dab01a12f0f1be1f53b7a2a219f9b729504e474d4821207d0fe349bd3c97569ab5cf7ec2fff6aa94711956c93
  languageName: node
  linkType: hard

"next@npm:16.2.10":
  version: 16.2.10
  resolution: "next@npm:16.2.10"
  dependencies:
    "@next/env": "npm:16.2.10"
    "@next/swc-darwin-arm64": "npm:16.2.10"
    "@next/swc-darwin-x64": "npm:16.2.10"
    "@next/swc-linux-arm64-gnu": "npm:16.2.10"
    "@next/swc-linux-arm64-musl": "npm:16.2.10"
    "@next/swc-linux-x64-gnu": "npm:16.2.10"
    "@next/swc-linux-x64-musl": "npm:16.2.10"
    "@next/swc-win32-arm64-msvc": "npm:16.2.10"
    "@next/swc-win32-x64-msvc": "npm:16.2.10"
    "@swc/helpers": "npm:0.5.15"
    baseline-browser-mapping: "npm:^2.9.19"
    caniuse-lite: "npm:^1.0.30001579"
    postcss: "npm:8.4.31"
    sharp: "npm:^0.34.5"
    styled-jsx: "npm:5.1.6"
  peerDependencies:
    "@opentelemetry/api": ^1.1.0
    "@playwright/test": ^1.51.1
    babel-plugin-react-compiler: "*"
    react: ^18.2.0 || 19.0.0-rc-de68d2f4-20241204 || ^19.0.0
    react-dom: ^18.2.0 || 19.0.0-rc-de68d2f4-20241204 || ^19.0.0
    sass: ^1.3.0
  dependenciesMeta:
    "@next/swc-darwin-arm64":
      optional: true
    "@next/swc-darwin-x64":
      optional: true
    "@next/swc-linux-arm64-gnu":
      optional: true
    "@next/swc-linux-arm64-musl":
      optional: true
    "@next/swc-linux-x64-gnu":
      optional: true
    "@next/swc-linux-x64-musl":
      optional: true
    "@next/swc-win32-arm64-msvc":
      optional: true
    "@next/swc-win32-x64-msvc":
      optional: true
    sharp:
      optional: true
  peerDependenciesMeta:
    "@opentelemetry/api":
      optional: true
    "@playwright/test":
      optional: true
    babel-plugin-react-compiler:
      optional: true
    sass:
      optional: true
  bin:
    next: dist/bin/next
  checksum: 10c0/e242f60b3caaf05bdf62a9ca85cea774f3081e1e900ac9ffe5b5975ca10584a904cf566873812abf1f25b965ef3de6451e7790e947800616909c2d4ecb54d1b9
  languageName: node
  linkType: hard

"nextjs@workspace:.":
  version: 0.0.0-use.local
  resolution: "nextjs@workspace:."
  dependencies:
    "@types/node": "npm:26.1.0"
    "@types/react": "npm:19.2.17"
    "@types/react-dom": "npm:19.2.3"
    next: "npm:16.2.10"
    react: "npm:19.2.7"
    react-dom: "npm:19.2.7"
    typescript: "npm:7.0.2"
  peerDependencies:
    "@datadog/browser-rum": "*"
    "@datadog/browser-rum-nextjs": "*"
    "@datadog/browser-rum-react": "*"
  peerDependenciesMeta:
    "@datadog/browser-rum":
      optional: true
    "@datadog/browser-rum-nextjs":
      optional: true
    "@datadog/browser-rum-react":
      optional: true
  languageName: unknown
  linkType: soft

"picocolors@npm:^1.0.0":
  version: 1.1.1
  resolution: "picocolors@npm:1.1.1"
  checksum: 10c0/e2e3e8170ab9d7c7421969adaa7e1b31434f789afb9b3f115f6b96d91945041ac3ceb02e9ec6fe6510ff036bcc0bf91e69a1772edc0b707e12b19c0f2d6bcf58
  languageName: node
  linkType: hard

"postcss@npm:8.4.31":
  version: 8.4.31
  resolution: "postcss@npm:8.4.31"
  dependencies:
    nanoid: "npm:^3.3.6"
    picocolors: "npm:^1.0.0"
    source-map-js: "npm:^1.0.2"
  checksum: 10c0/748b82e6e5fc34034dcf2ae88ea3d11fd09f69b6c50ecdd3b4a875cfc7cdca435c958b211e2cb52355422ab6fccb7d8f2f2923161d7a1b281029e4a913d59acf
  languageName: node
  linkType: hard

"react-dom@npm:19.2.7":
  version: 19.2.7
  resolution: "react-dom@npm:19.2.7"
  dependencies:
    scheduler: "npm:^0.27.0"
  peerDependencies:
    react: ^19.2.7
  checksum: 10c0/970ff600f6e80d47d39e2f226f12f226173b3cba3382efc97c5f0cd663de9af38c7a4c11c213fb936094faeac83060d660247accaa96b752180d5b951b9cfecb
  languageName: node
  linkType: hard

"react@npm:19.2.7":
  version: 19.2.7
  resolution: "react@npm:19.2.7"
  checksum: 10c0/0bd0e2f1bbd4ba97561c6597bf8a5fec05e6476fe61e165c1065598d16668efc6715205599c94d3ddd49d36cb0f21cbf1b9bcc18ee840b805ce222c3e8d558ac
  languageName: node
  linkType: hard

"scheduler@npm:^0.27.0":
  version: 0.27.0
  resolution: "scheduler@npm:0.27.0"
  checksum: 10c0/4f03048cb05a3c8fddc45813052251eca00688f413a3cee236d984a161da28db28ba71bd11e7a3dd02f7af84ab28d39fb311431d3b3772fed557945beb00c452
  languageName: node
  linkType: hard

"semver@npm:^7.7.3":
  version: 7.8.5
  resolution: "semver@npm:7.8.5"
  bin:
    semver: bin/semver.js
  checksum: 10c0/b1f3127a5be8125a94f37188b361c212466c292c6910adce3ec106cff5dc211ccaedc4739c11bb70fda59d6fc1f040a9bca289f4e093451521a2372e5231fe0c
  languageName: node
  linkType: hard

"sharp@npm:^0.34.5":
  version: 0.34.5
  resolution: "sharp@npm:0.34.5"
  dependencies:
    "@img/colour": "npm:^1.0.0"
    "@img/sharp-darwin-arm64": "npm:0.34.5"
    "@img/sharp-darwin-x64": "npm:0.34.5"
    "@img/sharp-libvips-darwin-arm64": "npm:1.2.4"
    "@img/sharp-libvips-darwin-x64": "npm:1.2.4"
    "@img/sharp-libvips-linux-arm": "npm:1.2.4"
    "@img/sharp-libvips-linux-arm64": "npm:1.2.4"
    "@img/sharp-libvips-linux-ppc64": "npm:1.2.4"
    "@img/sharp-libvips-linux-riscv64": "npm:1.2.4"
    "@img/sharp-libvips-linux-s390x": "npm:1.2.4"
    "@img/sharp-libvips-linux-x64": "npm:1.2.4"
    "@img/sharp-libvips-linuxmusl-arm64": "npm:1.2.4"
    "@img/sharp-libvips-linuxmusl-x64": "npm:1.2.4"
    "@img/sharp-linux-arm": "npm:0.34.5"
    "@img/sharp-linux-arm64": "npm:0.34.5"
    "@img/sharp-linux-ppc64": "npm:0.34.5"
    "@img/sharp-linux-riscv64": "npm:0.34.5"
    "@img/sharp-linux-s390x": "npm:0.34.5"
    "@img/sharp-linux-x64": "npm:0.34.5"
    "@img/sharp-linuxmusl-arm64": "npm:0.34.5"
    "@img/sharp-linuxmusl-x64": "npm:0.34.5"
    "@img/sharp-wasm32": "npm:0.34.5"
    "@img/sharp-win32-arm64": "npm:0.34.5"
    "@img/sharp-win32-ia32": "npm:0.34.5"
    "@img/sharp-win32-x64": "npm:0.34.5"
    detect-libc: "npm:^2.1.2"
    semver: "npm:^7.7.3"
  dependenciesMeta:
    "@img/sharp-darwin-arm64":
      optional: true
    "@img/sharp-darwin-x64":
      optional: true
    "@img/sharp-libvips-darwin-arm64":
      optional: true
    "@img/sharp-libvips-darwin-x64":
      optional: true
    "@img/sharp-libvips-linux-arm":
      optional: true
    "@img/sharp-libvips-linux-arm64":
      optional: true
    "@img/sharp-libvips-linux-ppc64":
      optional: true
    "@img/sharp-libvips-linux-riscv64":
      optional: true
    "@img/sharp-libvips-linux-s390x":
      optional: true
    "@img/sharp-libvips-linux-x64":
      optional: true
    "@img/sharp-libvips-linuxmusl-arm64":
      optional: true
    "@img/sharp-libvips-linuxmusl-x64":
      optional: true
    "@img/sharp-linux-arm":
      optional: true
    "@img/sharp-linux-arm64":
      optional: true
    "@img/sharp-linux-ppc64":
      optional: true
    "@img/sharp-linux-riscv64":
      optional: true
    "@img/sharp-linux-s390x":
      optional: true
    "@img/sharp-linux-x64":
      optional: true
    "@img/sharp-linuxmusl-arm64":
      optional: true
    "@img/sharp-linuxmusl-x64":
      optional: true
    "@img/sharp-wasm32":
      optional: true
    "@img/sharp-win32-arm64":
      optional: true
    "@img/sharp-win32-ia32":
      optional: true
    "@img/sharp-win32-x64":
      optional: true
  checksum: 10c0/fd79e29df0597a7d5704b8461c51f944ead91a5243691697be6e8243b966402beda53ddc6f0a53b96ea3cb8221f0b244aa588114d3ebf8734fb4aefd41ab802f
  languageName: node
  linkType: hard

"source-map-js@npm:^1.0.2":
  version: 1.2.1
  resolution: "source-map-js@npm:1.2.1"
  checksum: 10c0/7bda1fc4c197e3c6ff17de1b8b2c20e60af81b63a52cb32ec5a5d67a20a7d42651e2cb34ebe93833c5a2a084377e17455854fee3e21e7925c64a51b6a52b0faf
  languageName: node
  linkType: hard

"styled-jsx@npm:5.1.6":
  version: 5.1.6
  resolution: "styled-jsx@npm:5.1.6"
  dependencies:
    client-only: "npm:0.0.1"
  peerDependencies:
    react: ">= 16.8.0 || 17.x.x || ^18.0.0-0 || ^19.0.0-0"
  peerDependenciesMeta:
    "@babel/core":
      optional: true
    babel-plugin-macros:
      optional: true
  checksum: 10c0/ace50e7ea5ae5ae6a3b65a50994c51fca6ae7df9c7ecfd0104c36be0b4b3a9c5c1a2374d16e2a11e256d0b20be6d47256d768ecb4f91ab390f60752a075780f5
  languageName: node
  linkType: hard

"tslib@npm:^2.4.0, tslib@npm:^2.8.0":
  version: 2.8.1
  resolution: "tslib@npm:2.8.1"
  checksum: 10c0/9c4759110a19c53f992d9aae23aac5ced636e99887b51b9e61def52611732872ff7668757d4e4c61f19691e36f4da981cd9485e869b4a7408d689f6bf1f14e62
  languageName: node
  linkType: hard

"typescript@npm:7.0.2":
  version: 7.0.2
  resolution: "typescript@npm:7.0.2"
  dependencies:
    "@typescript/typescript-aix-ppc64": "npm:7.0.2"
    "@typescript/typescript-darwin-arm64": "npm:7.0.2"
    "@typescript/typescript-darwin-x64": "npm:7.0.2"
    "@typescript/typescript-freebsd-arm64": "npm:7.0.2"
    "@typescript/typescript-freebsd-x64": "npm:7.0.2"
    "@typescript/typescript-linux-arm": "npm:7.0.2"
    "@typescript/typescript-linux-arm64": "npm:7.0.2"
    "@typescript/typescript-linux-loong64": "npm:7.0.2"
    "@typescript/typescript-linux-mips64el": "npm:7.0.2"
    "@typescript/typescript-linux-ppc64": "npm:7.0.2"
    "@typescript/typescript-linux-riscv64": "npm:7.0.2"
    "@typescript/typescript-linux-s390x": "npm:7.0.2"
    "@typescript/typescript-linux-x64": "npm:7.0.2"
    "@typescript/typescript-netbsd-arm64": "npm:7.0.2"
    "@typescript/typescript-netbsd-x64": "npm:7.0.2"
    "@typescript/typescript-openbsd-arm64": "npm:7.0.2"
    "@typescript/typescript-openbsd-x64": "npm:7.0.2"
    "@typescript/typescript-sunos-x64": "npm:7.0.2"
    "@typescript/typescript-win32-arm64": "npm:7.0.2"
    "@typescript/typescript-win32-x64": "npm:7.0.2"
  dependenciesMeta:
    "@typescript/typescript-aix-ppc64":
      optional: true
    "@typescript/typescript-darwin-arm64":
      optional: true
    "@typescript/typescript-darwin-x64":
      optional: true
    "@typescript/typescript-freebsd-arm64":
      optional: true
    "@typescript/typescript-freebsd-x64":
      optional: true
    "@typescript/typescript-linux-arm":
      optional: true
    "@typescript/typescript-linux-arm64":
      optional: true
    "@typescript/typescript-linux-loong64":
      optional: true
    "@typescript/typescript-linux-mips64el":
      optional: true
    "@typescript/typescript-linux-ppc64":
      optional: true
    "@typescript/typescript-linux-riscv64":
      optional: true
    "@typescript/typescript-linux-s390x":
      optional: true
    "@typescript/typescript-linux-x64":
      optional: true
    "@typescript/typescript-netbsd-arm64":
      optional: true
    "@typescript/typescript-netbsd-x64":
      optional: true
    "@typescript/typescript-openbsd-arm64":
      optional: true
    "@typescript/typescript-openbsd-x64":
      optional: true
    "@typescript/typescript-sunos-x64":
      optional: true
    "@typescript/typescript-win32-arm64":
      optional: true
    "@typescript/typescript-win32-x64":
      optional: true
  bin:
    tsc: bin/tsc
  checksum: 10c0/3dcee51ec8c332492325bcdbf7df48b66668751f127e622ae7d41b6c716eb19184424a45e14f7750f50f340232388b69e6287859155f06a5ce2df76f12cb31cf
  languageName: node
  linkType: hard

"typescript@patch:typescript@npm%3A7.0.2#optional!builtin<compat/typescript>":
  version: 7.0.2
  resolution: "typescript@patch:typescript@npm%3A7.0.2#optional!builtin<compat/typescript>::version=7.0.2&hash=3bafbf"
  dependencies:
    "@typescript/typescript-aix-ppc64": "npm:7.0.2"
    "@typescript/typescript-darwin-arm64": "npm:7.0.2"
    "@typescript/typescript-darwin-x64": "npm:7.0.2"
    "@typescript/typescript-freebsd-arm64": "npm:7.0.2"
    "@typescript/typescript-freebsd-x64": "npm:7.0.2"
    "@typescript/typescript-linux-arm": "npm:7.0.2"
    "@typescript/typescript-linux-arm64": "npm:7.0.2"
    "@typescript/typescript-linux-loong64": "npm:7.0.2"
    "@typescript/typescript-linux-mips64el": "npm:7.0.2"
    "@typescript/typescript-linux-ppc64": "npm:7.0.2"
    "@typescript/typescript-linux-riscv64": "npm:7.0.2"
    "@typescript/typescript-linux-s390x": "npm:7.0.2"
    "@typescript/typescript-linux-x64": "npm:7.0.2"
    "@typescript/typescript-netbsd-arm64": "npm:7.0.2"
    "@typescript/typescript-netbsd-x64": "npm:7.0.2"
    "@typescript/typescript-openbsd-arm64": "npm:7.0.2"
    "@typescript/typescript-openbsd-x64": "npm:7.0.2"
    "@typescript/typescript-sunos-x64": "npm:7.0.2"
    "@typescript/typescript-win32-arm64": "npm:7.0.2"
    "@typescript/typescript-win32-x64": "npm:7.0.2"
  dependenciesMeta:
    "@typescript/typescript-aix-ppc64":
      optional: true
    "@typescript/typescript-darwin-arm64":
      optional: true
    "@typescript/typescript-darwin-x64":
      optional: true
    "@typescript/typescript-freebsd-arm64":
      optional: true
    "@typescript/typescript-freebsd-x64":
      optional: true
    "@typescript/typescript-linux-arm":
      optional: true
    "@typescript/typescript-linux-arm64":
      optional: true
    "@typescript/typescript-linux-loong64":
      optional: true
    "@typescript/typescript-linux-mips64el":
      optional: true
    "@typescript/typescript-linux-ppc64":
      optional: true
    "@typescript/typescript-linux-riscv64":
      optional: true
    "@typescript/typescript-linux-s390x":
      optional: true
    "@typescript/typescript-linux-x64":
      optional: true
    "@typescript/typescript-netbsd-arm64":
      optional: true
    "@typescript/typescript-netbsd-x64":
      optional: true
    "@typescript/typescript-openbsd-arm64":
      optional: true
    "@typescript/typescript-openbsd-x64":
      optional: true
    "@typescript/typescript-sunos-x64":
      optional: true
    "@typescript/typescript-win32-arm64":
      optional: true
    "@typescript/typescript-win32-x64":
      optional: true
  bin:
    tsc: bin/tsc
  checksum: 10c0/6b3cdc369cd829d46e00734ea64233ee84419c2825ad8fe408915adde77abced4b7a2401f7eed517d54a7a4f5d1c1869753cb99018df1c2159c761d9f33483a6
  languageName: node
  linkType: hard

"undici-types@npm:~8.3.0":
  version: 8.3.0
  resolution: "undici-types@npm:8.3.0"
  checksum: 10c0/c8aa7e2fbebfce519654dafadc0ece59be888d2ccaf180fb4495da875e7b536d2456345c384069c7e6f3e9c9ab7435f074957da306f142343eee86ff8048855a
  languageName: node
  linkType: hard
